// !$*UTF8*$!
{
	archiveVersion = 1;
	classes = {
	};
	objectVersion = 70;
	objects = {

/* Begin PBXBuildFile section */
		865618FB2D5C184800567D38 /* PitlapPicker.swift in Sources */ = {isa = PBXBuildFile; fileRef = 865618F92D5C184700567D38 /* PitlapPicker.swift */; };
		865618FE2D5C1B9700567D38 /* StandingPickerView.swift in Sources */ = {isa = PBXBuildFile; fileRef = 865618FD2D5C1B9700567D38 /* StandingPickerView.swift */; };
		86645A1E2D5E0BC1004BAB44 /* 10.png in Resources */ = {isa = PBXBuildFile; fileRef = 86645A1C2D5E0BC1004BAB44 /* 10.png */; };
		86645A1F2D5E0BC1004BAB44 /* 7.png in Resources */ = {isa = PBXBuildFile; fileRef = 86645A192D5E0BC1004BAB44 /* 7.png */; };
		86645A202D5E0BC1004BAB44 /* 8.png in Resources */ = {isa = PBXBuildFile; fileRef = 86645A1A2D5E0BC1004BAB44 /* 8.png */; };
		86645A212D5E0BC1004BAB44 /* 5.png in Resources */ = {isa = PBXBuildFile; fileRef = 86645A172D5E0BC1004BAB44 /* 5.png */; };
		86645A222D5E0BC1004BAB44 /* 6.png in Resources */ = {isa = PBXBuildFile; fileRef = 86645A182D5E0BC1004BAB44 /* 6.png */; };
		86645A232D5E0BC1004BAB44 /* 2.png in Resources */ = {isa = PBXBuildFile; fileRef = 86645A142D5E0BC1004BAB44 /* 2.png */; };
		86645A242D5E0BC1004BAB44 /* 3.png in Resources */ = {isa = PBXBuildFile; fileRef = 86645A152D5E0BC1004BAB44 /* 3.png */; };
		86645A252D5E0BC1004BAB44 /* 4.png in Resources */ = {isa = PBXBuildFile; fileRef = 86645A162D5E0BC1004BAB44 /* 4.png */; };
		86645A262D5E0BC1004BAB44 /* 11.png in Resources */ = {isa = PBXBuildFile; fileRef = 86645A1D2D5E0BC1004BAB44 /* 11.png */; };
		86645A272D5E0BC1004BAB44 /* 9.png in Resources */ = {isa = PBXBuildFile; fileRef = 86645A1B2D5E0BC1004BAB44 /* 9.png */; };
		86645A2A2D5E287C004BAB44 /* QualiResultModel.swift in Sources */ = {isa = PBXBuildFile; fileRef = 86645A292D5E287C004BAB44 /* QualiResultModel.swift */; };
		86645A2B2D5E287C004BAB44 /* QualiResultModel.swift in Sources */ = {isa = PBXBuildFile; fileRef = 86645A292D5E287C004BAB44 /* QualiResultModel.swift */; };
		86645A2D2D5E28FB004BAB44 /* QualiResults.swift in Sources */ = {isa = PBXBuildFile; fileRef = 86645A2C2D5E28F2004BAB44 /* QualiResults.swift */; };
		86645A2E2D5E28FB004BAB44 /* QualiResults.swift in Sources */ = {isa = PBXBuildFile; fileRef = 86645A2C2D5E28F2004BAB44 /* QualiResults.swift */; };
		86645A312D5E29F7004BAB44 /* QualiDataLogic.swift in Sources */ = {isa = PBXBuildFile; fileRef = 86645A302D5E29F2004BAB44 /* QualiDataLogic.swift */; };
		86645A362D5E2BD9004BAB44 /* QualiViewModel.swift in Sources */ = {isa = PBXBuildFile; fileRef = 86645A352D5E2BD9004BAB44 /* QualiViewModel.swift */; };
		86645A382D5E2D63004BAB44 /* QualiResultRow.swift in Sources */ = {isa = PBXBuildFile; fileRef = 86645A372D5E2D63004BAB44 /* QualiResultRow.swift */; };
		86645A3A2D5E2F3E004BAB44 /* QualiResultView.swift in Sources */ = {isa = PBXBuildFile; fileRef = 86645A392D5E2F3E004BAB44 /* QualiResultView.swift */; };
		86645A3D2D5EA661004BAB44 /* LapModel.swift in Sources */ = {isa = PBXBuildFile; fileRef = 86645A3C2D5EA661004BAB44 /* LapModel.swift */; };
		86645A3E2D5EA661004BAB44 /* LapModel.swift in Sources */ = {isa = PBXBuildFile; fileRef = 86645A3C2D5EA661004BAB44 /* LapModel.swift */; };
		86645A402D5EA742004BAB44 /* PracticeLapsModel.swift in Sources */ = {isa = PBXBuildFile; fileRef = 86645A3F2D5EA742004BAB44 /* PracticeLapsModel.swift */; };
		86645A412D5EA742004BAB44 /* PracticeLapsModel.swift in Sources */ = {isa = PBXBuildFile; fileRef = 86645A3F2D5EA742004BAB44 /* PracticeLapsModel.swift */; };
		86645A442D5EA895004BAB44 /* LapsDataLogic.swift in Sources */ = {isa = PBXBuildFile; fileRef = 86645A432D5EA895004BAB44 /* LapsDataLogic.swift */; };
		86645A472D5EABED004BAB44 /* LapDataMapper.swift in Sources */ = {isa = PBXBuildFile; fileRef = 86645A462D5EABED004BAB44 /* LapDataMapper.swift */; };
		86645A492D5EAC65004BAB44 /* GroupLapModel.swift in Sources */ = {isa = PBXBuildFile; fileRef = 86645A482D5EAC65004BAB44 /* GroupLapModel.swift */; };
		86645A4A2D5EAC65004BAB44 /* GroupLapModel.swift in Sources */ = {isa = PBXBuildFile; fileRef = 86645A482D5EAC65004BAB44 /* GroupLapModel.swift */; };
		86645A4F2D5EADAF004BAB44 /* PracticeViewModel.swift in Sources */ = {isa = PBXBuildFile; fileRef = 86645A4E2D5EADAF004BAB44 /* PracticeViewModel.swift */; };
		86645A532D5EAE23004BAB44 /* PracticeView.swift in Sources */ = {isa = PBXBuildFile; fileRef = 86645A522D5EAE23004BAB44 /* PracticeView.swift */; };
		86645A552D5EAE89004BAB44 /* PracticeResultRow.swift in Sources */ = {isa = PBXBuildFile; fileRef = 86645A542D5EAE89004BAB44 /* PracticeResultRow.swift */; };
		86645A572D5EB4BA004BAB44 /* LapTimesByCompoundView.swift in Sources */ = {isa = PBXBuildFile; fileRef = 86645A562D5EB4BA004BAB44 /* LapTimesByCompoundView.swift */; };
		86645A952D642221004BAB44 /* NotificationManager.swift in Sources */ = {isa = PBXBuildFile; fileRef = 86645A942D642221004BAB44 /* NotificationManager.swift */; };
		86645A972D6427BC004BAB44 /* NotificationPayload.swift in Sources */ = {isa = PBXBuildFile; fileRef = 86645A962D6427BC004BAB44 /* NotificationPayload.swift */; };
		86645AAE2D6433D7004BAB44 /* MultiSelectionPickerView.swift in Sources */ = {isa = PBXBuildFile; fileRef = 86645AAD2D6433D7004BAB44 /* MultiSelectionPickerView.swift */; };
		86645AB12D6435AC004BAB44 /* NotificationTriggerEvent.swift in Sources */ = {isa = PBXBuildFile; fileRef = 86645AB02D6435AC004BAB44 /* NotificationTriggerEvent.swift */; };
		86645AB42D648E24004BAB44 /* F1Team.swift in Sources */ = {isa = PBXBuildFile; fileRef = 86645AB32D648E24004BAB44 /* F1Team.swift */; };
		86645AB72D648EE3004BAB44 /* AppIconService.swift in Sources */ = {isa = PBXBuildFile; fileRef = 86645AB62D648EDF004BAB44 /* AppIconService.swift */; };
		86645ABA2D648F23004BAB44 /* SettingsViewModel.swift in Sources */ = {isa = PBXBuildFile; fileRef = 86645AB92D648F23004BAB44 /* SettingsViewModel.swift */; };
		86645ABC2D648FF8004BAB44 /* NotificationSessionType.swift in Sources */ = {isa = PBXBuildFile; fileRef = 86645ABB2D648FF8004BAB44 /* NotificationSessionType.swift */; };
		86645ABF2D64951F004BAB44 /* PrimaryButtonStyle.swift in Sources */ = {isa = PBXBuildFile; fileRef = 86645ABE2D64951F004BAB44 /* PrimaryButtonStyle.swift */; };
		86F1B8022D5CC58900AF923D /* ConstructorStandingModel.swift in Sources */ = {isa = PBXBuildFile; fileRef = 86F1B8012D5CC58900AF923D /* ConstructorStandingModel.swift */; };
		86F1B8062D5CC7D400AF923D /* StandingRowModel.swift in Sources */ = {isa = PBXBuildFile; fileRef = 86F1B8052D5CC7CF00AF923D /* StandingRowModel.swift */; };
		86F1B8082D5CCB5900AF923D /* StandingRow.swift in Sources */ = {isa = PBXBuildFile; fileRef = 86F1B8072D5CCB5500AF923D /* StandingRow.swift */; };
		86F1B8252D5CDBD300AF923D /* NotoSans-VariableFont_wdth,wght.ttf in Resources */ = {isa = PBXBuildFile; fileRef = 86F1B8242D5CDBD300AF923D /* NotoSans-VariableFont_wdth,wght.ttf */; };
		86F1B8262D5CDBD300AF923D /* NotoSans-VariableFont_wdth,wght.ttf in Resources */ = {isa = PBXBuildFile; fileRef = 86F1B8242D5CDBD300AF923D /* NotoSans-VariableFont_wdth,wght.ttf */; };
		86F1B82B2D5CDE6100AF923D /* Audiowide-Regular.ttf in Resources */ = {isa = PBXBuildFile; fileRef = 86F1B82A2D5CDE6100AF923D /* Audiowide-Regular.ttf */; };
		86F1B82C2D5CDE6100AF923D /* Audiowide-Regular.ttf in Resources */ = {isa = PBXBuildFile; fileRef = 86F1B82A2D5CDE6100AF923D /* Audiowide-Regular.ttf */; };
		86F1B8392D5D0F5B00AF923D /* RaceSummaryModel.swift in Sources */ = {isa = PBXBuildFile; fileRef = 86F1B8382D5D0F5B00AF923D /* RaceSummaryModel.swift */; };
		86F1B83A2D5D0F5B00AF923D /* RaceSummaryModel.swift in Sources */ = {isa = PBXBuildFile; fileRef = 86F1B8382D5D0F5B00AF923D /* RaceSummaryModel.swift */; };
		86F1B83C2D5D0FB300AF923D /* TrackSummaryModel.swift in Sources */ = {isa = PBXBuildFile; fileRef = 86F1B83B2D5D0FB300AF923D /* TrackSummaryModel.swift */; };
		86F1B83D2D5D0FB300AF923D /* TrackSummaryModel.swift in Sources */ = {isa = PBXBuildFile; fileRef = 86F1B83B2D5D0FB300AF923D /* TrackSummaryModel.swift */; };
		86F1B8402D5D112200AF923D /* SummariesDataLogic.swift in Sources */ = {isa = PBXBuildFile; fileRef = 86F1B83F2D5D111500AF923D /* SummariesDataLogic.swift */; };
		86F1B8422D5D137100AF923D /* RaceWeekendViewModel.swift in Sources */ = {isa = PBXBuildFile; fileRef = 86F1B8412D5D136900AF923D /* RaceWeekendViewModel.swift */; };
		86F1B8442D5D284D00AF923D /* ColorSchemeModifier.swift in Sources */ = {isa = PBXBuildFile; fileRef = 86F1B8432D5D284A00AF923D /* ColorSchemeModifier.swift */; };
		86F1B8472D5D297100AF923D /* RaceResultRow.swift in Sources */ = {isa = PBXBuildFile; fileRef = 86F1B8462D5D295900AF923D /* RaceResultRow.swift */; };
		86F1B8492D5D2A9600AF923D /* RaceResultView.swift in Sources */ = {isa = PBXBuildFile; fileRef = 86F1B8482D5D2A9600AF923D /* RaceResultView.swift */; };
		FF52D1462D3EDDF500DF2573 /* SeasonTabOption.swift in Sources */ = {isa = PBXBuildFile; fileRef = FF52D1452D3EDDF500DF2573 /* SeasonTabOption.swift */; };
		FF52D14A2D3EFFD200DF2573 /* SplashView.swift in Sources */ = {isa = PBXBuildFile; fileRef = FF52D1492D3EFFD200DF2573 /* SplashView.swift */; };
		FF52D14D2D3F04D100DF2573 /* ViewCoordinator.swift in Sources */ = {isa = PBXBuildFile; fileRef = FF52D14C2D3F04D100DF2573 /* ViewCoordinator.swift */; };
		FF52D14F2D3F053900DF2573 /* SplashViewModel.swift in Sources */ = {isa = PBXBuildFile; fileRef = FF52D14E2D3F053900DF2573 /* SplashViewModel.swift */; };
		FF52D1542D3F0D8F00DF2573 /* BottomNavTab.swift in Sources */ = {isa = PBXBuildFile; fileRef = FF52D1532D3F0D8F00DF2573 /* BottomNavTab.swift */; };
		FF52D1562D3F0E1600DF2573 /* BottomNavTabBar.swift in Sources */ = {isa = PBXBuildFile; fileRef = FF52D1552D3F0E1600DF2573 /* BottomNavTabBar.swift */; };
		FF52D1592D3F121200DF2573 /* HideTabBarRepresentable.swift in Sources */ = {isa = PBXBuildFile; fileRef = FF52D1582D3F121200DF2573 /* HideTabBarRepresentable.swift */; };
		FF52D15B2D3F264900DF2573 /* DriverStandingModel.swift in Sources */ = {isa = PBXBuildFile; fileRef = FF52D15A2D3F264900DF2573 /* DriverStandingModel.swift */; };
		FF52D1652D3F2B0100DF2573 /* StandingsDataLogic.swift in Sources */ = {isa = PBXBuildFile; fileRef = FF52D1642D3F2B0100DF2573 /* StandingsDataLogic.swift */; };
		FF52D16A2D3F2F8F00DF2573 /* StandingsView.swift in Sources */ = {isa = PBXBuildFile; fileRef = FF52D1692D3F2F8F00DF2573 /* StandingsView.swift */; };
		FF52D16C2D3F2FA400DF2573 /* StandingsViewModel.swift in Sources */ = {isa = PBXBuildFile; fileRef = FF52D16B2D3F2FA400DF2573 /* StandingsViewModel.swift */; };
		FF52D1702D3FB99000DF2573 /* DriverAnalysisModel.swift in Sources */ = {isa = PBXBuildFile; fileRef = FF52D16F2D3FB99000DF2573 /* DriverAnalysisModel.swift */; };
		FF52D1752D3FB9F400DF2573 /* DriverAnalysisDataLogic.swift in Sources */ = {isa = PBXBuildFile; fileRef = FF52D1742D3FB9F400DF2573 /* DriverAnalysisDataLogic.swift */; };
		FF52D17A2D3FBBC300DF2573 /* DriverAnalysisViewModel.swift in Sources */ = {isa = PBXBuildFile; fileRef = FF52D1792D3FBBC300DF2573 /* DriverAnalysisViewModel.swift */; };
		FF52D17D2D3FBF0000DF2573 /* DriverAnalysisView.swift in Sources */ = {isa = PBXBuildFile; fileRef = FF52D17C2D3FBF0000DF2573 /* DriverAnalysisView.swift */; };
		FF52D1812D3FE7D500DF2573 /* LeadChangeView.swift in Sources */ = {isa = PBXBuildFile; fileRef = FF52D1802D3FE7D500DF2573 /* LeadChangeView.swift */; };
		FF52D1832D40026F00DF2573 /* TriviaView.swift in Sources */ = {isa = PBXBuildFile; fileRef = FF52D1822D40026F00DF2573 /* TriviaView.swift */; };
		FF75D34E2D232BD700160331 /* PitLap.swift in Sources */ = {isa = PBXBuildFile; fileRef = FF75D34D2D232BD700160331 /* PitLap.swift */; };
		FF75D3502D232BD700160331 /* ContentView.swift in Sources */ = {isa = PBXBuildFile; fileRef = FF75D34F2D232BD700160331 /* ContentView.swift */; };
		FF75D3522D232BDA00160331 /* Assets.xcassets in Resources */ = {isa = PBXBuildFile; fileRef = FF75D3512D232BDA00160331 /* Assets.xcassets */; };
		FF75D3552D232BDA00160331 /* Preview Assets.xcassets in Resources */ = {isa = PBXBuildFile; fileRef = FF75D3542D232BDA00160331 /* Preview Assets.xcassets */; };
		FF75D3622D232D5200160331 /* RaceWeekendModel.swift in Sources */ = {isa = PBXBuildFile; fileRef = FF75D3612D232D5200160331 /* RaceWeekendModel.swift */; };
		FF75D3652D232DE100160331 /* Extensions.swift in Sources */ = {isa = PBXBuildFile; fileRef = FF75D3642D232DE100160331 /* Extensions.swift */; };
		FF75D3692D232EB000160331 /* SeasonDataLogic.swift in Sources */ = {isa = PBXBuildFile; fileRef = FF75D3682D232EB000160331 /* SeasonDataLogic.swift */; };
		FF75D36D2D23311D00160331 /* SeasonViewModel.swift in Sources */ = {isa = PBXBuildFile; fileRef = FF75D36C2D23311D00160331 /* SeasonViewModel.swift */; };
		FF75D3722D23328D00160331 /* SeasonView.swift in Sources */ = {isa = PBXBuildFile; fileRef = FF75D3712D23328D00160331 /* SeasonView.swift */; };
		FF75D3752D233B3800160331 /* RaceWeekendListItemView.swift in Sources */ = {isa = PBXBuildFile; fileRef = FF75D3742D233B3800160331 /* RaceWeekendListItemView.swift */; };
		FF75D3772D233B5000160331 /* RaceWeekendView.swift in Sources */ = {isa = PBXBuildFile; fileRef = FF75D3762D233B5000160331 /* RaceWeekendView.swift */; };
		FF75D37A2D233FF900160331 /* Extension.swift in Sources */ = {isa = PBXBuildFile; fileRef = FF75D3792D233FF900160331 /* Extension.swift */; };
		FF75D37C2D2344F400160331 /* RaceWeekendHeaderView.swift in Sources */ = {isa = PBXBuildFile; fileRef = FF75D37B2D2344F400160331 /* RaceWeekendHeaderView.swift */; };
		FF75D3802D2347AE00160331 /* RaceWeekendHeaderViewModel.swift in Sources */ = {isa = PBXBuildFile; fileRef = FF75D37F2D2347AE00160331 /* RaceWeekendHeaderViewModel.swift */; };
		FF75D3872D23668900160331 /* HeadingView.swift in Sources */ = {isa = PBXBuildFile; fileRef = FF75D3862D23668900160331 /* HeadingView.swift */; };
		FF75D3892D236D4200160331 /* SessionItemView.swift in Sources */ = {isa = PBXBuildFile; fileRef = FF75D3882D236D4200160331 /* SessionItemView.swift */; };
		FF78AFB32D3AE99900BDD4F7 /* SeasonEntityMapper.swift in Sources */ = {isa = PBXBuildFile; fileRef = FF78AFB22D3AE99900BDD4F7 /* SeasonEntityMapper.swift */; };
		FF78AFB42D3AE99900BDD4F7 /* SeasonEntityMapper.swift in Sources */ = {isa = PBXBuildFile; fileRef = FF78AFB22D3AE99900BDD4F7 /* SeasonEntityMapper.swift */; };
		FF9799B22D35DFAF00CCF203 /* WidgetKit.framework in Frameworks */ = {isa = PBXBuildFile; fileRef = FF9799B12D35DFAF00CCF203 /* WidgetKit.framework */; };
		FF9799B42D35DFAF00CCF203 /* SwiftUI.framework in Frameworks */ = {isa = PBXBuildFile; fileRef = FF9799B32D35DFAF00CCF203 /* SwiftUI.framework */; };
		FF9799B72D35DFAF00CCF203 /* PitThisLapWidgetBundle.swift in Sources */ = {isa = PBXBuildFile; fileRef = FF9799B62D35DFAF00CCF203 /* PitThisLapWidgetBundle.swift */; };
		FF9799B92D35DFAF00CCF203 /* PitThisLapWidget.swift in Sources */ = {isa = PBXBuildFile; fileRef = FF9799B82D35DFAF00CCF203 /* PitThisLapWidget.swift */; };
		FF9799BB2D35DFAF00CCF203 /* AppIntent.swift in Sources */ = {isa = PBXBuildFile; fileRef = FF9799BA2D35DFAF00CCF203 /* AppIntent.swift */; };
		FF9799BD2D35DFBD00CCF203 /* Assets.xcassets in Resources */ = {isa = PBXBuildFile; fileRef = FF9799BC2D35DFBD00CCF203 /* Assets.xcassets */; };
		FF9799C62D35E90E00CCF203 /* Extensions.swift in Sources */ = {isa = PBXBuildFile; fileRef = FF75D3642D232DE100160331 /* Extensions.swift */; };
		FF9799C92D35E93900CCF203 /* RaceWeekendModel.swift in Sources */ = {isa = PBXBuildFile; fileRef = FF75D3612D232D5200160331 /* RaceWeekendModel.swift */; };
		FF9799CA2D35E94D00CCF203 /* Extension.swift in Sources */ = {isa = PBXBuildFile; fileRef = FF75D3792D233FF900160331 /* Extension.swift */; };
		FF9A50BD2D499282001F1697 /* PersistenceManager in Frameworks */ = {isa = PBXBuildFile; productRef = FF9A50BC2D499282001F1697 /* PersistenceManager */; };
		FF9A50BF2D4992DC001F1697 /* PersistenceManager in Frameworks */ = {isa = PBXBuildFile; productRef = FF9A50BE2D4992DC001F1697 /* PersistenceManager */; };
		FF9A50C22D499620001F1697 /* DriverStandingEntity.swift in Sources */ = {isa = PBXBuildFile; fileRef = FF9A50C02D499620001F1697 /* DriverStandingEntity.swift */; };
		FF9A50C32D499620001F1697 /* DriverStandingEntity.swift in Sources */ = {isa = PBXBuildFile; fileRef = FF9A50C02D499620001F1697 /* DriverStandingEntity.swift */; };
		FF9A50C42D499D27001F1697 /* PitLapWidgetExtension.appex in Embed Foundation Extensions */ = {isa = PBXBuildFile; fileRef = FF9799AF2D35DFAF00CCF203 /* PitLapWidgetExtension.appex */; settings = {ATTRIBUTES = (RemoveHeadersOnCopy, ); }; };
		FF9A50CC2D4B8CBA001F1697 /* f1.ttf in Resources */ = {isa = PBXBuildFile; fileRef = FF9A50CB2D4B8CBA001F1697 /* f1.ttf */; };
		FF9A50D12D4B8FBA001F1697 /* f1-bold.ttf in Resources */ = {isa = PBXBuildFile; fileRef = FF9A50CE2D4B8FBA001F1697 /* f1-bold.ttf */; };
		FF9A50D22D4B8FBA001F1697 /* f1-numbers-regular.ttf in Resources */ = {isa = PBXBuildFile; fileRef = FF9A50CF2D4B8FBA001F1697 /* f1-numbers-regular.ttf */; };
		FF9A50D32D4B8FBA001F1697 /* f1-regular.ttf in Resources */ = {isa = PBXBuildFile; fileRef = FF9A50D02D4B8FBA001F1697 /* f1-regular.ttf */; };
		FF9A50D42D4B8FBA001F1697 /* f1-bold.ttf in Resources */ = {isa = PBXBuildFile; fileRef = FF9A50CE2D4B8FBA001F1697 /* f1-bold.ttf */; };
		FF9A50D52D4B8FBA001F1697 /* f1-numbers-regular.ttf in Resources */ = {isa = PBXBuildFile; fileRef = FF9A50CF2D4B8FBA001F1697 /* f1-numbers-regular.ttf */; };
		FF9A50D62D4B8FBA001F1697 /* f1-regular.ttf in Resources */ = {isa = PBXBuildFile; fileRef = FF9A50D02D4B8FBA001F1697 /* f1-regular.ttf */; };
		FF9A50FF2D4BE486001F1697 /* SettingsView.swift in Sources */ = {isa = PBXBuildFile; fileRef = FF9A50FE2D4BE486001F1697 /* SettingsView.swift */; };
		FF9A51022D4BE73D001F1697 /* ThemeManager.swift in Sources */ = {isa = PBXBuildFile; fileRef = FF9A51012D4BE73D001F1697 /* ThemeManager.swift */; };
		FF9A51052D4CE32A001F1697 /* FeedKit in Frameworks */ = {isa = PBXBuildFile; productRef = FF9A51042D4CE32A001F1697 /* FeedKit */; };
		FF9A51072D4CE32A001F1697 /* XMLKit in Frameworks */ = {isa = PBXBuildFile; productRef = FF9A51062D4CE32A001F1697 /* XMLKit */; };
		FF9A510C2D4CE58E001F1697 /* ArticleFeedViewModel.swift in Sources */ = {isa = PBXBuildFile; fileRef = FF9A510B2D4CE58E001F1697 /* ArticleFeedViewModel.swift */; };
		FF9A510E2D4CE7CB001F1697 /* ArticleFeedView.swift in Sources */ = {isa = PBXBuildFile; fileRef = FF9A510D2D4CE7CB001F1697 /* ArticleFeedView.swift */; };
		FF9A51112D4CEA09001F1697 /* RSSFeedDataLogic.swift in Sources */ = {isa = PBXBuildFile; fileRef = FF9A51102D4CEA09001F1697 /* RSSFeedDataLogic.swift */; };
		FF9A51142D4CED52001F1697 /* Kingfisher in Frameworks */ = {isa = PBXBuildFile; productRef = FF9A51132D4CED52001F1697 /* Kingfisher */; };
		FF9A51162D4CF088001F1697 /* ArticleFeedItemView.swift in Sources */ = {isa = PBXBuildFile; fileRef = FF9A51152D4CF088001F1697 /* ArticleFeedItemView.swift */; };
		FF9A51182D4D05AA001F1697 /* ArticleView.swift in Sources */ = {isa = PBXBuildFile; fileRef = FF9A51172D4D05AA001F1697 /* ArticleView.swift */; };
		FFBA36EA2D4D318E002D3245 /* IndeterminateProgressView.swift in Sources */ = {isa = PBXBuildFile; fileRef = FFBA36E82D4D318E002D3245 /* IndeterminateProgressView.swift */; };
/* End PBXBuildFile section */

/* Begin PBXContainerItemProxy section */
		86645AA02D642CD0004BAB44 /* PBXContainerItemProxy */ = {
			isa = PBXContainerItemProxy;
			containerPortal = FF75D3422D232BD700160331 /* Project object */;
			proxyType = 1;
			remoteGlobalIDString = FF75D3492D232BD700160331;
			remoteInfo = PitLap;
		};
		FF9A50C52D499D27001F1697 /* PBXContainerItemProxy */ = {
			isa = PBXContainerItemProxy;
			containerPortal = FF75D3422D232BD700160331 /* Project object */;
			proxyType = 1;
			remoteGlobalIDString = FF9799AE2D35DFAF00CCF203;
			remoteInfo = PitThisLapWidgetExtension;
		};
		FF9A50C82D499D3B001F1697 /* PBXContainerItemProxy */ = {
			isa = PBXContainerItemProxy;
			containerPortal = FF75D3422D232BD700160331 /* Project object */;
			proxyType = 1;
			remoteGlobalIDString = FF9799AE2D35DFAF00CCF203;
			remoteInfo = PitThisLapWidgetExtension;
		};
/* End PBXContainerItemProxy section */

/* Begin PBXCopyFilesBuildPhase section */
		FF9A50C72D499D27001F1697 /* Embed Foundation Extensions */ = {
			isa = PBXCopyFilesBuildPhase;
			buildActionMask = 2147483647;
			dstPath = "";
			dstSubfolderSpec = 13;
			files = (
				FF9A50C42D499D27001F1697 /* PitLapWidgetExtension.appex in Embed Foundation Extensions */,
			);
			name = "Embed Foundation Extensions";
			runOnlyForDeploymentPostprocessing = 0;
		};
/* End PBXCopyFilesBuildPhase section */

/* Begin PBXFileReference section */
		865618F92D5C184700567D38 /* PitlapPicker.swift */ = {isa = PBXFileReference; lastKnownFileType = sourcecode.swift; path = PitlapPicker.swift; sourceTree = "<group>"; };
		865618FD2D5C1B9700567D38 /* StandingPickerView.swift */ = {isa = PBXFileReference; lastKnownFileType = sourcecode.swift; path = StandingPickerView.swift; sourceTree = "<group>"; };
		86645A142D5E0BC1004BAB44 /* 2.png */ = {isa = PBXFileReference; lastKnownFileType = image.png; path = 2.png; sourceTree = "<group>"; };
		86645A152D5E0BC1004BAB44 /* 3.png */ = {isa = PBXFileReference; lastKnownFileType = image.png; path = 3.png; sourceTree = "<group>"; };
		86645A162D5E0BC1004BAB44 /* 4.png */ = {isa = PBXFileReference; lastKnownFileType = image.png; path = 4.png; sourceTree = "<group>"; };
		86645A172D5E0BC1004BAB44 /* 5.png */ = {isa = PBXFileReference; lastKnownFileType = image.png; path = 5.png; sourceTree = "<group>"; };
		86645A182D5E0BC1004BAB44 /* 6.png */ = {isa = PBXFileReference; lastKnownFileType = image.png; path = 6.png; sourceTree = "<group>"; };
		86645A192D5E0BC1004BAB44 /* 7.png */ = {isa = PBXFileReference; lastKnownFileType = image.png; path = 7.png; sourceTree = "<group>"; };
		86645A1A2D5E0BC1004BAB44 /* 8.png */ = {isa = PBXFileReference; lastKnownFileType = image.png; path = 8.png; sourceTree = "<group>"; };
		86645A1B2D5E0BC1004BAB44 /* 9.png */ = {isa = PBXFileReference; lastKnownFileType = image.png; path = 9.png; sourceTree = "<group>"; };
		86645A1C2D5E0BC1004BAB44 /* 10.png */ = {isa = PBXFileReference; lastKnownFileType = image.png; path = 10.png; sourceTree = "<group>"; };
		86645A1D2D5E0BC1004BAB44 /* 11.png */ = {isa = PBXFileReference; lastKnownFileType = image.png; path = 11.png; sourceTree = "<group>"; };
		86645A292D5E287C004BAB44 /* QualiResultModel.swift */ = {isa = PBXFileReference; lastKnownFileType = sourcecode.swift; path = QualiResultModel.swift; sourceTree = "<group>"; };
		86645A2C2D5E28F2004BAB44 /* QualiResults.swift */ = {isa = PBXFileReference; lastKnownFileType = sourcecode.swift; path = QualiResults.swift; sourceTree = "<group>"; };
		86645A302D5E29F2004BAB44 /* QualiDataLogic.swift */ = {isa = PBXFileReference; lastKnownFileType = sourcecode.swift; path = QualiDataLogic.swift; sourceTree = "<group>"; };
		86645A352D5E2BD9004BAB44 /* QualiViewModel.swift */ = {isa = PBXFileReference; lastKnownFileType = sourcecode.swift; path = QualiViewModel.swift; sourceTree = "<group>"; };
		86645A372D5E2D63004BAB44 /* QualiResultRow.swift */ = {isa = PBXFileReference; lastKnownFileType = sourcecode.swift; path = QualiResultRow.swift; sourceTree = "<group>"; };
		86645A392D5E2F3E004BAB44 /* QualiResultView.swift */ = {isa = PBXFileReference; lastKnownFileType = sourcecode.swift; path = QualiResultView.swift; sourceTree = "<group>"; };
		86645A3C2D5EA661004BAB44 /* LapModel.swift */ = {isa = PBXFileReference; lastKnownFileType = sourcecode.swift; path = LapModel.swift; sourceTree = "<group>"; };
		86645A3F2D5EA742004BAB44 /* PracticeLapsModel.swift */ = {isa = PBXFileReference; lastKnownFileType = sourcecode.swift; path = PracticeLapsModel.swift; sourceTree = "<group>"; };
		86645A432D5EA895004BAB44 /* LapsDataLogic.swift */ = {isa = PBXFileReference; lastKnownFileType = sourcecode.swift; path = LapsDataLogic.swift; sourceTree = "<group>"; };
		86645A462D5EABED004BAB44 /* LapDataMapper.swift */ = {isa = PBXFileReference; lastKnownFileType = sourcecode.swift; path = LapDataMapper.swift; sourceTree = "<group>"; };
		86645A482D5EAC65004BAB44 /* GroupLapModel.swift */ = {isa = PBXFileReference; lastKnownFileType = sourcecode.swift; path = GroupLapModel.swift; sourceTree = "<group>"; };
		86645A4E2D5EADAF004BAB44 /* PracticeViewModel.swift */ = {isa = PBXFileReference; lastKnownFileType = sourcecode.swift; path = PracticeViewModel.swift; sourceTree = "<group>"; };
		86645A522D5EAE23004BAB44 /* PracticeView.swift */ = {isa = PBXFileReference; lastKnownFileType = sourcecode.swift; path = PracticeView.swift; sourceTree = "<group>"; };
		86645A542D5EAE89004BAB44 /* PracticeResultRow.swift */ = {isa = PBXFileReference; lastKnownFileType = sourcecode.swift; path = PracticeResultRow.swift; sourceTree = "<group>"; };
		86645A562D5EB4BA004BAB44 /* LapTimesByCompoundView.swift */ = {isa = PBXFileReference; lastKnownFileType = sourcecode.swift; path = LapTimesByCompoundView.swift; sourceTree = "<group>"; };
		86645A942D642221004BAB44 /* NotificationManager.swift */ = {isa = PBXFileReference; lastKnownFileType = sourcecode.swift; path = NotificationManager.swift; sourceTree = "<group>"; };
		86645A962D6427BC004BAB44 /* NotificationPayload.swift */ = {isa = PBXFileReference; lastKnownFileType = sourcecode.swift; path = NotificationPayload.swift; sourceTree = "<group>"; };
		86645A9C2D642CD0004BAB44 /* PitLapTests.xctest */ = {isa = PBXFileReference; explicitFileType = wrapper.cfbundle; includeInIndex = 0; path = PitLapTests.xctest; sourceTree = BUILT_PRODUCTS_DIR; };
		86645AAD2D6433D7004BAB44 /* MultiSelectionPickerView.swift */ = {isa = PBXFileReference; lastKnownFileType = sourcecode.swift; path = MultiSelectionPickerView.swift; sourceTree = "<group>"; };
		86645AB02D6435AC004BAB44 /* NotificationTriggerEvent.swift */ = {isa = PBXFileReference; lastKnownFileType = sourcecode.swift; path = NotificationTriggerEvent.swift; sourceTree = "<group>"; };
		86645AB32D648E24004BAB44 /* F1Team.swift */ = {isa = PBXFileReference; lastKnownFileType = sourcecode.swift; path = F1Team.swift; sourceTree = "<group>"; };
		86645AB62D648EDF004BAB44 /* AppIconService.swift */ = {isa = PBXFileReference; lastKnownFileType = sourcecode.swift; path = AppIconService.swift; sourceTree = "<group>"; };
		86645AB92D648F23004BAB44 /* SettingsViewModel.swift */ = {isa = PBXFileReference; lastKnownFileType = sourcecode.swift; path = SettingsViewModel.swift; sourceTree = "<group>"; };
		86645ABB2D648FF8004BAB44 /* NotificationSessionType.swift */ = {isa = PBXFileReference; lastKnownFileType = sourcecode.swift; path = NotificationSessionType.swift; sourceTree = "<group>"; };
		86645ABE2D64951F004BAB44 /* PrimaryButtonStyle.swift */ = {isa = PBXFileReference; lastKnownFileType = sourcecode.swift; path = PrimaryButtonStyle.swift; sourceTree = "<group>"; };
		86F1B8012D5CC58900AF923D /* ConstructorStandingModel.swift */ = {isa = PBXFileReference; lastKnownFileType = sourcecode.swift; path = ConstructorStandingModel.swift; sourceTree = "<group>"; };
		86F1B8052D5CC7CF00AF923D /* StandingRowModel.swift */ = {isa = PBXFileReference; lastKnownFileType = sourcecode.swift; path = StandingRowModel.swift; sourceTree = "<group>"; };
		86F1B8072D5CCB5500AF923D /* StandingRow.swift */ = {isa = PBXFileReference; lastKnownFileType = sourcecode.swift; path = StandingRow.swift; sourceTree = "<group>"; };
		86F1B8242D5CDBD300AF923D /* NotoSans-VariableFont_wdth,wght.ttf */ = {isa = PBXFileReference; lastKnownFileType = file; path = "NotoSans-VariableFont_wdth,wght.ttf"; sourceTree = "<group>"; };
		86F1B82A2D5CDE6100AF923D /* Audiowide-Regular.ttf */ = {isa = PBXFileReference; lastKnownFileType = file; path = "Audiowide-Regular.ttf"; sourceTree = "<group>"; };
		86F1B8382D5D0F5B00AF923D /* RaceSummaryModel.swift */ = {isa = PBXFileReference; lastKnownFileType = sourcecode.swift; path = RaceSummaryModel.swift; sourceTree = "<group>"; };
		86F1B83B2D5D0FB300AF923D /* TrackSummaryModel.swift */ = {isa = PBXFileReference; lastKnownFileType = sourcecode.swift; path = TrackSummaryModel.swift; sourceTree = "<group>"; };
		86F1B83F2D5D111500AF923D /* SummariesDataLogic.swift */ = {isa = PBXFileReference; lastKnownFileType = sourcecode.swift; path = SummariesDataLogic.swift; sourceTree = "<group>"; };
		86F1B8412D5D136900AF923D /* RaceWeekendViewModel.swift */ = {isa = PBXFileReference; lastKnownFileType = sourcecode.swift; path = RaceWeekendViewModel.swift; sourceTree = "<group>"; };
		86F1B8432D5D284A00AF923D /* ColorSchemeModifier.swift */ = {isa = PBXFileReference; lastKnownFileType = sourcecode.swift; path = ColorSchemeModifier.swift; sourceTree = "<group>"; };
		86F1B8462D5D295900AF923D /* RaceResultRow.swift */ = {isa = PBXFileReference; lastKnownFileType = sourcecode.swift; path = RaceResultRow.swift; sourceTree = "<group>"; };
		86F1B8482D5D2A9600AF923D /* RaceResultView.swift */ = {isa = PBXFileReference; lastKnownFileType = sourcecode.swift; path = RaceResultView.swift; sourceTree = "<group>"; };
		FF52D1452D3EDDF500DF2573 /* SeasonTabOption.swift */ = {isa = PBXFileReference; lastKnownFileType = sourcecode.swift; path = SeasonTabOption.swift; sourceTree = "<group>"; };
		FF52D1492D3EFFD200DF2573 /* SplashView.swift */ = {isa = PBXFileReference; lastKnownFileType = sourcecode.swift; path = SplashView.swift; sourceTree = "<group>"; };
		FF52D14C2D3F04D100DF2573 /* ViewCoordinator.swift */ = {isa = PBXFileReference; lastKnownFileType = sourcecode.swift; path = ViewCoordinator.swift; sourceTree = "<group>"; };
		FF52D14E2D3F053900DF2573 /* SplashViewModel.swift */ = {isa = PBXFileReference; lastKnownFileType = sourcecode.swift; path = SplashViewModel.swift; sourceTree = "<group>"; };
		FF52D1532D3F0D8F00DF2573 /* BottomNavTab.swift */ = {isa = PBXFileReference; lastKnownFileType = sourcecode.swift; path = BottomNavTab.swift; sourceTree = "<group>"; };
		FF52D1552D3F0E1600DF2573 /* BottomNavTabBar.swift */ = {isa = PBXFileReference; lastKnownFileType = sourcecode.swift; path = BottomNavTabBar.swift; sourceTree = "<group>"; };
		FF52D1582D3F121200DF2573 /* HideTabBarRepresentable.swift */ = {isa = PBXFileReference; lastKnownFileType = sourcecode.swift; path = HideTabBarRepresentable.swift; sourceTree = "<group>"; };
		FF52D15A2D3F264900DF2573 /* DriverStandingModel.swift */ = {isa = PBXFileReference; lastKnownFileType = sourcecode.swift; path = DriverStandingModel.swift; sourceTree = "<group>"; };
		FF52D1642D3F2B0100DF2573 /* StandingsDataLogic.swift */ = {isa = PBXFileReference; lastKnownFileType = sourcecode.swift; path = StandingsDataLogic.swift; sourceTree = "<group>"; };
		FF52D1692D3F2F8F00DF2573 /* StandingsView.swift */ = {isa = PBXFileReference; lastKnownFileType = sourcecode.swift; path = StandingsView.swift; sourceTree = "<group>"; };
		FF52D16B2D3F2FA400DF2573 /* StandingsViewModel.swift */ = {isa = PBXFileReference; lastKnownFileType = sourcecode.swift; path = StandingsViewModel.swift; sourceTree = "<group>"; };
		FF52D16F2D3FB99000DF2573 /* DriverAnalysisModel.swift */ = {isa = PBXFileReference; lastKnownFileType = sourcecode.swift; path = DriverAnalysisModel.swift; sourceTree = "<group>"; };
		FF52D1742D3FB9F400DF2573 /* DriverAnalysisDataLogic.swift */ = {isa = PBXFileReference; lastKnownFileType = sourcecode.swift; path = DriverAnalysisDataLogic.swift; sourceTree = "<group>"; };
		FF52D1792D3FBBC300DF2573 /* DriverAnalysisViewModel.swift */ = {isa = PBXFileReference; lastKnownFileType = sourcecode.swift; path = DriverAnalysisViewModel.swift; sourceTree = "<group>"; };
		FF52D17C2D3FBF0000DF2573 /* DriverAnalysisView.swift */ = {isa = PBXFileReference; lastKnownFileType = sourcecode.swift; path = DriverAnalysisView.swift; sourceTree = "<group>"; };
		FF52D1802D3FE7D500DF2573 /* LeadChangeView.swift */ = {isa = PBXFileReference; lastKnownFileType = sourcecode.swift; path = LeadChangeView.swift; sourceTree = "<group>"; };
		FF52D1822D40026F00DF2573 /* TriviaView.swift */ = {isa = PBXFileReference; lastKnownFileType = sourcecode.swift; path = TriviaView.swift; sourceTree = "<group>"; };
		FF75D34A2D232BD700160331 /* PitLap.app */ = {isa = PBXFileReference; explicitFileType = wrapper.application; includeInIndex = 0; path = PitLap.app; sourceTree = BUILT_PRODUCTS_DIR; };
		FF75D34D2D232BD700160331 /* PitLap.swift */ = {isa = PBXFileReference; lastKnownFileType = sourcecode.swift; path = PitLap.swift; sourceTree = "<group>"; };
		FF75D34F2D232BD700160331 /* ContentView.swift */ = {isa = PBXFileReference; lastKnownFileType = sourcecode.swift; path = ContentView.swift; sourceTree = "<group>"; };
		FF75D3512D232BDA00160331 /* Assets.xcassets */ = {isa = PBXFileReference; lastKnownFileType = folder.assetcatalog; path = Assets.xcassets; sourceTree = "<group>"; };
		FF75D3542D232BDA00160331 /* Preview Assets.xcassets */ = {isa = PBXFileReference; lastKnownFileType = folder.assetcatalog; path = "Preview Assets.xcassets"; sourceTree = "<group>"; };
		FF75D3612D232D5200160331 /* RaceWeekendModel.swift */ = {isa = PBXFileReference; lastKnownFileType = sourcecode.swift; path = RaceWeekendModel.swift; sourceTree = "<group>"; };
		FF75D3642D232DE100160331 /* Extensions.swift */ = {isa = PBXFileReference; lastKnownFileType = sourcecode.swift; path = Extensions.swift; sourceTree = "<group>"; };
		FF75D3682D232EB000160331 /* SeasonDataLogic.swift */ = {isa = PBXFileReference; lastKnownFileType = sourcecode.swift; path = SeasonDataLogic.swift; sourceTree = "<group>"; };
		FF75D36C2D23311D00160331 /* SeasonViewModel.swift */ = {isa = PBXFileReference; lastKnownFileType = sourcecode.swift; path = SeasonViewModel.swift; sourceTree = "<group>"; };
		FF75D3712D23328D00160331 /* SeasonView.swift */ = {isa = PBXFileReference; lastKnownFileType = sourcecode.swift; path = SeasonView.swift; sourceTree = "<group>"; };
		FF75D3742D233B3800160331 /* RaceWeekendListItemView.swift */ = {isa = PBXFileReference; lastKnownFileType = sourcecode.swift; path = RaceWeekendListItemView.swift; sourceTree = "<group>"; };
		FF75D3762D233B5000160331 /* RaceWeekendView.swift */ = {isa = PBXFileReference; lastKnownFileType = sourcecode.swift; path = RaceWeekendView.swift; sourceTree = "<group>"; };
		FF75D3792D233FF900160331 /* Extension.swift */ = {isa = PBXFileReference; lastKnownFileType = sourcecode.swift; path = Extension.swift; sourceTree = "<group>"; };
		FF75D37B2D2344F400160331 /* RaceWeekendHeaderView.swift */ = {isa = PBXFileReference; lastKnownFileType = sourcecode.swift; path = RaceWeekendHeaderView.swift; sourceTree = "<group>"; };
		FF75D37F2D2347AE00160331 /* RaceWeekendHeaderViewModel.swift */ = {isa = PBXFileReference; lastKnownFileType = sourcecode.swift; path = RaceWeekendHeaderViewModel.swift; sourceTree = "<group>"; };
		FF75D3862D23668900160331 /* HeadingView.swift */ = {isa = PBXFileReference; lastKnownFileType = sourcecode.swift; path = HeadingView.swift; sourceTree = "<group>"; };
		FF75D3882D236D4200160331 /* SessionItemView.swift */ = {isa = PBXFileReference; lastKnownFileType = sourcecode.swift; path = SessionItemView.swift; sourceTree = "<group>"; };
		FF78AFB22D3AE99900BDD4F7 /* SeasonEntityMapper.swift */ = {isa = PBXFileReference; lastKnownFileType = sourcecode.swift; path = SeasonEntityMapper.swift; sourceTree = "<group>"; };
		FF9799AF2D35DFAF00CCF203 /* PitLapWidgetExtension.appex */ = {isa = PBXFileReference; explicitFileType = "wrapper.app-extension"; includeInIndex = 0; path = PitLapWidgetExtension.appex; sourceTree = BUILT_PRODUCTS_DIR; };
		FF9799B12D35DFAF00CCF203 /* WidgetKit.framework */ = {isa = PBXFileReference; lastKnownFileType = wrapper.framework; name = WidgetKit.framework; path = System/Library/Frameworks/WidgetKit.framework; sourceTree = SDKROOT; };
		FF9799B32D35DFAF00CCF203 /* SwiftUI.framework */ = {isa = PBXFileReference; lastKnownFileType = wrapper.framework; name = SwiftUI.framework; path = System/Library/Frameworks/SwiftUI.framework; sourceTree = SDKROOT; };
		FF9799B62D35DFAF00CCF203 /* PitThisLapWidgetBundle.swift */ = {isa = PBXFileReference; lastKnownFileType = sourcecode.swift; path = PitThisLapWidgetBundle.swift; sourceTree = "<group>"; };
		FF9799B82D35DFAF00CCF203 /* PitThisLapWidget.swift */ = {isa = PBXFileReference; lastKnownFileType = sourcecode.swift; path = PitThisLapWidget.swift; sourceTree = "<group>"; };
		FF9799BA2D35DFAF00CCF203 /* AppIntent.swift */ = {isa = PBXFileReference; lastKnownFileType = sourcecode.swift; path = AppIntent.swift; sourceTree = "<group>"; };
		FF9799BC2D35DFBD00CCF203 /* Assets.xcassets */ = {isa = PBXFileReference; lastKnownFileType = folder.assetcatalog; path = Assets.xcassets; sourceTree = "<group>"; };
		FF9799BE2D35DFBD00CCF203 /* Info.plist */ = {isa = PBXFileReference; lastKnownFileType = text.plist.xml; path = Info.plist; sourceTree = "<group>"; };
		FF9A50B82D498484001F1697 /* PitLapDebug.entitlements */ = {isa = PBXFileReference; lastKnownFileType = text.plist.entitlements; path = PitLapDebug.entitlements; sourceTree = "<group>"; };
		FF9A50B92D4984A0001F1697 /* PitThisLapWidgetExtensionDebug.entitlements */ = {isa = PBXFileReference; lastKnownFileType = text.plist.entitlements; path = PitThisLapWidgetExtensionDebug.entitlements; sourceTree = "<group>"; };
		FF9A50BA2D4991A8001F1697 /* PersistenceManager */ = {isa = PBXFileReference; lastKnownFileType = wrapper; name = PersistenceManager; path = ../PersistenceManager; sourceTree = SOURCE_ROOT; };
		FF9A50C02D499620001F1697 /* DriverStandingEntity.swift */ = {isa = PBXFileReference; lastKnownFileType = sourcecode.swift; path = DriverStandingEntity.swift; sourceTree = "<group>"; };
		FF9A50CB2D4B8CBA001F1697 /* f1.ttf */ = {isa = PBXFileReference; lastKnownFileType = file; path = f1.ttf; sourceTree = "<group>"; };
		FF9A50CD2D4B8CF2001F1697 /* Info.plist */ = {isa = PBXFileReference; lastKnownFileType = text.plist; path = Info.plist; sourceTree = "<group>"; };
		FF9A50CE2D4B8FBA001F1697 /* f1-bold.ttf */ = {isa = PBXFileReference; lastKnownFileType = file; path = "f1-bold.ttf"; sourceTree = "<group>"; };
		FF9A50CF2D4B8FBA001F1697 /* f1-numbers-regular.ttf */ = {isa = PBXFileReference; lastKnownFileType = file; path = "f1-numbers-regular.ttf"; sourceTree = "<group>"; };
		FF9A50D02D4B8FBA001F1697 /* f1-regular.ttf */ = {isa = PBXFileReference; lastKnownFileType = file; path = "f1-regular.ttf"; sourceTree = "<group>"; };
		FF9A50FE2D4BE486001F1697 /* SettingsView.swift */ = {isa = PBXFileReference; lastKnownFileType = sourcecode.swift; path = SettingsView.swift; sourceTree = "<group>"; };
		FF9A51012D4BE73D001F1697 /* ThemeManager.swift */ = {isa = PBXFileReference; lastKnownFileType = sourcecode.swift; path = ThemeManager.swift; sourceTree = "<group>"; };
		FF9A510B2D4CE58E001F1697 /* ArticleFeedViewModel.swift */ = {isa = PBXFileReference; lastKnownFileType = sourcecode.swift; path = ArticleFeedViewModel.swift; sourceTree = "<group>"; };
		FF9A510D2D4CE7CB001F1697 /* ArticleFeedView.swift */ = {isa = PBXFileReference; lastKnownFileType = sourcecode.swift; path = ArticleFeedView.swift; sourceTree = "<group>"; };
		FF9A51102D4CEA09001F1697 /* RSSFeedDataLogic.swift */ = {isa = PBXFileReference; lastKnownFileType = sourcecode.swift; path = RSSFeedDataLogic.swift; sourceTree = "<group>"; };
		FF9A51152D4CF088001F1697 /* ArticleFeedItemView.swift */ = {isa = PBXFileReference; lastKnownFileType = sourcecode.swift; path = ArticleFeedItemView.swift; sourceTree = "<group>"; };
		FF9A51172D4D05AA001F1697 /* ArticleView.swift */ = {isa = PBXFileReference; lastKnownFileType = sourcecode.swift; path = ArticleView.swift; sourceTree = "<group>"; };
		FFBA36E82D4D318E002D3245 /* IndeterminateProgressView.swift */ = {isa = PBXFileReference; lastKnownFileType = sourcecode.swift; path = IndeterminateProgressView.swift; sourceTree = "<group>"; };
/* End PBXFileReference section */

/* Begin PBXFileSystemSynchronizedRootGroup section */
		865618F12D5A9CF600567D38 /* api */ = {isa = PBXFileSystemSynchronizedRootGroup; explicitFileTypes = {}; explicitFolders = (); path = api; sourceTree = "<group>"; };
		86645A9D2D642CD0004BAB44 /* PitLapTests */ = {isa = PBXFileSystemSynchronizedRootGroup; explicitFileTypes = {}; explicitFolders = (); path = PitLapTests; sourceTree = "<group>"; };
/* End PBXFileSystemSynchronizedRootGroup section */

/* Begin PBXFrameworksBuildPhase section */
		86645A992D642CD0004BAB44 /* Frameworks */ = {
			isa = PBXFrameworksBuildPhase;
			buildActionMask = 2147483647;
			files = (
			);
			runOnlyForDeploymentPostprocessing = 0;
		};
		FF75D3472D232BD700160331 /* Frameworks */ = {
			isa = PBXFrameworksBuildPhase;
			buildActionMask = 2147483647;
			files = (
				FF9A51142D4CED52001F1697 /* Kingfisher in Frameworks */,
				FF9A50BD2D499282001F1697 /* PersistenceManager in Frameworks */,
				FF9A51072D4CE32A001F1697 /* XMLKit in Frameworks */,
				FF9A51052D4CE32A001F1697 /* FeedKit in Frameworks */,
			);
			runOnlyForDeploymentPostprocessing = 0;
		};
		FF9799AC2D35DFAF00CCF203 /* Frameworks */ = {
			isa = PBXFrameworksBuildPhase;
			buildActionMask = 2147483647;
			files = (
				FF9A50BF2D4992DC001F1697 /* PersistenceManager in Frameworks */,
				FF9799B42D35DFAF00CCF203 /* SwiftUI.framework in Frameworks */,
				FF9799B22D35DFAF00CCF203 /* WidgetKit.framework in Frameworks */,
			);
			runOnlyForDeploymentPostprocessing = 0;
		};
/* End PBXFrameworksBuildPhase section */

/* Begin PBXGroup section */
		86645A132D5E0BA5004BAB44 /* icons */ = {
			isa = PBXGroup;
			children = (
				86645A142D5E0BC1004BAB44 /* 2.png */,
				86645A152D5E0BC1004BAB44 /* 3.png */,
				86645A162D5E0BC1004BAB44 /* 4.png */,
				86645A172D5E0BC1004BAB44 /* 5.png */,
				86645A182D5E0BC1004BAB44 /* 6.png */,
				86645A192D5E0BC1004BAB44 /* 7.png */,
				86645A1A2D5E0BC1004BAB44 /* 8.png */,
				86645A1B2D5E0BC1004BAB44 /* 9.png */,
				86645A1C2D5E0BC1004BAB44 /* 10.png */,
				86645A1D2D5E0BC1004BAB44 /* 11.png */,
			);
			path = icons;
			sourceTree = "<group>";
		};
		86645A282D5E2843004BAB44 /* quali */ = {
			isa = PBXGroup;
			children = (
				86645A2C2D5E28F2004BAB44 /* QualiResults.swift */,
				86645A292D5E287C004BAB44 /* QualiResultModel.swift */,
			);
			path = quali;
			sourceTree = "<group>";
		};
		86645A2F2D5E29EB004BAB44 /* quali */ = {
			isa = PBXGroup;
			children = (
				86645A342D5E2B85004BAB44 /* view */,
				86645A332D5E2B7C004BAB44 /* viewmodel */,
			);
			path = quali;
			sourceTree = "<group>";
		};
		86645A322D5E29FA004BAB44 /* quali */ = {
			isa = PBXGroup;
			children = (
				86645A302D5E29F2004BAB44 /* QualiDataLogic.swift */,
			);
			path = quali;
			sourceTree = "<group>";
		};
		86645A332D5E2B7C004BAB44 /* viewmodel */ = {
			isa = PBXGroup;
			children = (
				86645A352D5E2BD9004BAB44 /* QualiViewModel.swift */,
			);
			path = viewmodel;
			sourceTree = "<group>";
		};
		86645A342D5E2B85004BAB44 /* view */ = {
			isa = PBXGroup;
			children = (
				86645A372D5E2D63004BAB44 /* QualiResultRow.swift */,
				86645A392D5E2F3E004BAB44 /* QualiResultView.swift */,
			);
			path = view;
			sourceTree = "<group>";
		};
		86645A3B2D5EA64C004BAB44 /* practice */ = {
			isa = PBXGroup;
			children = (
				86645A3C2D5EA661004BAB44 /* LapModel.swift */,
				86645A3F2D5EA742004BAB44 /* PracticeLapsModel.swift */,
				86645A482D5EAC65004BAB44 /* GroupLapModel.swift */,
			);
			path = practice;
			sourceTree = "<group>";
		};
		86645A422D5EA882004BAB44 /* laps */ = {
			isa = PBXGroup;
			children = (
				86645A432D5EA895004BAB44 /* LapsDataLogic.swift */,
			);
			path = laps;
			sourceTree = "<group>";
		};
		86645A452D5EABDA004BAB44 /* mapper */ = {
			isa = PBXGroup;
			children = (
				86645A462D5EABED004BAB44 /* LapDataMapper.swift */,
				FF78AFB22D3AE99900BDD4F7 /* SeasonEntityMapper.swift */,
			);
			path = mapper;
			sourceTree = "<group>";
		};
		86645A4B2D5EAD66004BAB44 /* practice */ = {
			isa = PBXGroup;
			children = (
				86645A4D2D5EAD7D004BAB44 /* viewmodel */,
				86645A4C2D5EAD75004BAB44 /* view */,
			);
			path = practice;
			sourceTree = "<group>";
		};
		86645A4C2D5EAD75004BAB44 /* view */ = {
			isa = PBXGroup;
			children = (
				86645A522D5EAE23004BAB44 /* PracticeView.swift */,
				86645A542D5EAE89004BAB44 /* PracticeResultRow.swift */,
				86645A562D5EB4BA004BAB44 /* LapTimesByCompoundView.swift */,
			);
			path = view;
			sourceTree = "<group>";
		};
		86645A4D2D5EAD7D004BAB44 /* viewmodel */ = {
			isa = PBXGroup;
			children = (
				86645A4E2D5EADAF004BAB44 /* PracticeViewModel.swift */,
			);
			path = viewmodel;
			sourceTree = "<group>";
		};
		86645A932D6421FF004BAB44 /* notifications */ = {
			isa = PBXGroup;
			children = (
				86645AAF2D643594004BAB44 /* model */,
				86645A942D642221004BAB44 /* NotificationManager.swift */,
			);
			path = notifications;
			sourceTree = "<group>";
		};
		86645AAF2D643594004BAB44 /* model */ = {
			isa = PBXGroup;
			children = (
				86645A962D6427BC004BAB44 /* NotificationPayload.swift */,
				86645AB02D6435AC004BAB44 /* NotificationTriggerEvent.swift */,
				86645ABB2D648FF8004BAB44 /* NotificationSessionType.swift */,
			);
			path = model;
			sourceTree = "<group>";
		};
		86645AB22D648E08004BAB44 /* enums */ = {
			isa = PBXGroup;
			children = (
				86645AB32D648E24004BAB44 /* F1Team.swift */,
			);
			path = enums;
			sourceTree = "<group>";
		};
		86645AB52D648ED0004BAB44 /* services */ = {
			isa = PBXGroup;
			children = (
				86645AB62D648EDF004BAB44 /* AppIconService.swift */,
			);
			path = services;
			sourceTree = "<group>";
		};
		86645ABD2D64951A004BAB44 /* designsystem */ = {
			isa = PBXGroup;
			children = (
				86645ABE2D64951F004BAB44 /* PrimaryButtonStyle.swift */,
			);
			path = designsystem;
			sourceTree = "<group>";
		};
		86F1B8032D5CC7AA00AF923D /* data */ = {
			isa = PBXGroup;
			children = (
				FF52D15A2D3F264900DF2573 /* DriverStandingModel.swift */,
				86F1B8012D5CC58900AF923D /* ConstructorStandingModel.swift */,
			);
			path = data;
			sourceTree = "<group>";
		};
		86F1B8042D5CC7B400AF923D /* ui */ = {
			isa = PBXGroup;
			children = (
				86F1B8052D5CC7CF00AF923D /* StandingRowModel.swift */,
			);
			path = ui;
			sourceTree = "<group>";
		};
		86F1B8372D5D0F4700AF923D /* summaries */ = {
			isa = PBXGroup;
			children = (
				86F1B8382D5D0F5B00AF923D /* RaceSummaryModel.swift */,
				86F1B83B2D5D0FB300AF923D /* TrackSummaryModel.swift */,
			);
			path = summaries;
			sourceTree = "<group>";
		};
		86F1B83E2D5D110900AF923D /* summary */ = {
			isa = PBXGroup;
			children = (
				86F1B83F2D5D111500AF923D /* SummariesDataLogic.swift */,
			);
			path = summary;
			sourceTree = "<group>";
		};
		86F1B8452D5D295300AF923D /* results */ = {
			isa = PBXGroup;
			children = (
				86F1B8462D5D295900AF923D /* RaceResultRow.swift */,
				86F1B8482D5D2A9600AF923D /* RaceResultView.swift */,
			);
			path = results;
			sourceTree = "<group>";
		};
		FF52D1432D3EDD8500DF2573 /* home */ = {
			isa = PBXGroup;
			children = (
				FF52D1442D3EDDAC00DF2573 /* tabs */,
			);
			path = home;
			sourceTree = "<group>";
		};
		FF52D1442D3EDDAC00DF2573 /* tabs */ = {
			isa = PBXGroup;
			children = (
				FF52D1452D3EDDF500DF2573 /* SeasonTabOption.swift */,
			);
			path = tabs;
			sourceTree = "<group>";
		};
		FF52D14B2D3F04C200DF2573 /* coordinator */ = {
			isa = PBXGroup;
			children = (
				FF52D14C2D3F04D100DF2573 /* ViewCoordinator.swift */,
			);
			path = coordinator;
			sourceTree = "<group>";
		};
		FF52D1502D3F0D4100DF2573 /* splash */ = {
			isa = PBXGroup;
			children = (
				FF52D1492D3EFFD200DF2573 /* SplashView.swift */,
				FF52D14E2D3F053900DF2573 /* SplashViewModel.swift */,
			);
			path = splash;
			sourceTree = "<group>";
		};
		FF52D1522D3F0D7700DF2573 /* tab */ = {
			isa = PBXGroup;
			children = (
				FF52D1572D3F120900DF2573 /* utils */,
				FF52D1532D3F0D8F00DF2573 /* BottomNavTab.swift */,
				FF52D1552D3F0E1600DF2573 /* BottomNavTabBar.swift */,
			);
			path = tab;
			sourceTree = "<group>";
		};
		FF52D1572D3F120900DF2573 /* utils */ = {
			isa = PBXGroup;
			children = (
				FF52D1582D3F121200DF2573 /* HideTabBarRepresentable.swift */,
			);
			path = utils;
			sourceTree = "<group>";
		};
		FF52D15C2D3F26E500DF2573 /* schedule */ = {
			isa = PBXGroup;
			children = (
				FF75D3612D232D5200160331 /* RaceWeekendModel.swift */,
			);
			path = schedule;
			sourceTree = "<group>";
		};
		FF52D15D2D3F26FC00DF2573 /* models */ = {
			isa = PBXGroup;
			children = (
				86F1B8042D5CC7B400AF923D /* ui */,
				86F1B8032D5CC7AA00AF923D /* data */,
			);
			path = models;
			sourceTree = "<group>";
		};
		FF52D1682D3F2F5500DF2573 /* standings */ = {
			isa = PBXGroup;
			children = (
				FF52D15D2D3F26FC00DF2573 /* models */,
				FF9A50D72D4BA705001F1697 /* ui */,
				FF52D1712D3FB9BA00DF2573 /* datalogic */,
			);
			path = standings;
			sourceTree = "<group>";
		};
		FF52D16D2D3FB96200DF2573 /* trivia */ = {
			isa = PBXGroup;
			children = (
				FF52D16E2D3FB98000DF2573 /* models */,
				FF52D1732D3FB9CF00DF2573 /* datalogic */,
				FF52D17B2D3FBEED00DF2573 /* view */,
				FF52D1782D3FBBB000DF2573 /* viewmodel */,
			);
			path = trivia;
			sourceTree = "<group>";
		};
		FF52D16E2D3FB98000DF2573 /* models */ = {
			isa = PBXGroup;
			children = (
				FF52D16F2D3FB99000DF2573 /* DriverAnalysisModel.swift */,
			);
			path = models;
			sourceTree = "<group>";
		};
		FF52D1712D3FB9BA00DF2573 /* datalogic */ = {
			isa = PBXGroup;
			children = (
				FF52D1642D3F2B0100DF2573 /* StandingsDataLogic.swift */,
			);
			path = datalogic;
			sourceTree = "<group>";
		};
		FF52D1722D3FB9C200DF2573 /* schedule */ = {
			isa = PBXGroup;
			children = (
				FF75D3682D232EB000160331 /* SeasonDataLogic.swift */,
			);
			path = schedule;
			sourceTree = "<group>";
		};
		FF52D1732D3FB9CF00DF2573 /* datalogic */ = {
			isa = PBXGroup;
			children = (
				FF52D1742D3FB9F400DF2573 /* DriverAnalysisDataLogic.swift */,
			);
			path = datalogic;
			sourceTree = "<group>";
		};
		FF52D1782D3FBBB000DF2573 /* viewmodel */ = {
			isa = PBXGroup;
			children = (
				FF52D1792D3FBBC300DF2573 /* DriverAnalysisViewModel.swift */,
			);
			path = viewmodel;
			sourceTree = "<group>";
		};
		FF52D17B2D3FBEED00DF2573 /* view */ = {
			isa = PBXGroup;
			children = (
				FF52D17C2D3FBF0000DF2573 /* DriverAnalysisView.swift */,
				FF52D1802D3FE7D500DF2573 /* LeadChangeView.swift */,
				FF52D1822D40026F00DF2573 /* TriviaView.swift */,
			);
			path = view;
			sourceTree = "<group>";
		};
		FF75D3412D232BD700160331 = {
			isa = PBXGroup;
			children = (
				FF9A50BA2D4991A8001F1697 /* PersistenceManager */,
				FF9A50B92D4984A0001F1697 /* PitThisLapWidgetExtensionDebug.entitlements */,
				FF75D34C2D232BD700160331 /* PitLap */,
				FF9799B52D35DFAF00CCF203 /* PitThisLapWidget */,
				86645A9D2D642CD0004BAB44 /* PitLapTests */,
				FF9799B02D35DFAF00CCF203 /* Frameworks */,
				FF75D34B2D232BD700160331 /* Products */,
			);
			sourceTree = "<group>";
		};
		FF75D34B2D232BD700160331 /* Products */ = {
			isa = PBXGroup;
			children = (
				FF75D34A2D232BD700160331 /* PitLap.app */,
				FF9799AF2D35DFAF00CCF203 /* PitLapWidgetExtension.appex */,
				86645A9C2D642CD0004BAB44 /* PitLapTests.xctest */,
			);
			name = Products;
			sourceTree = "<group>";
		};
		FF75D34C2D232BD700160331 /* PitLap */ = {
			isa = PBXGroup;
			children = (
				86645ABD2D64951A004BAB44 /* designsystem */,
				86645AB52D648ED0004BAB44 /* services */,
				86645A932D6421FF004BAB44 /* notifications */,
				86645A132D5E0BA5004BAB44 /* icons */,
				865618F12D5A9CF600567D38 /* api */,
				FF9A51082D4CE53E001F1697 /* articles */,
				FF9A50FD2D4BE462001F1697 /* settings */,
				FF9A50CD2D4B8CF2001F1697 /* Info.plist */,
				FF9A50CA2D4B8CB7001F1697 /* fonts */,
				FF9A50B82D498484001F1697 /* PitLapDebug.entitlements */,
				FF52D14B2D3F04C200DF2573 /* coordinator */,
				FF75D3782D233FEE00160331 /* utils */,
				FF52D16D2D3FB96200DF2573 /* trivia */,
				FF52D1502D3F0D4100DF2573 /* splash */,
				FF52D1682D3F2F5500DF2573 /* standings */,
				FF52D1522D3F0D7700DF2573 /* tab */,
				FF75D3662D232E1400160331 /* calendar */,
				FF75D34D2D232BD700160331 /* PitLap.swift */,
				FF75D34F2D232BD700160331 /* ContentView.swift */,
				FF75D3512D232BDA00160331 /* Assets.xcassets */,
				FF75D3532D232BDA00160331 /* Preview Content */,
			);
			path = PitLap;
			sourceTree = "<group>";
		};
		FF75D3532D232BDA00160331 /* Preview Content */ = {
			isa = PBXGroup;
			children = (
				FF75D3542D232BDA00160331 /* Preview Assets.xcassets */,
			);
			path = "Preview Content";
			sourceTree = "<group>";
		};
		FF75D35B2D232C0200160331 /* data */ = {
			isa = PBXGroup;
			children = (
				FF75D3632D232DCE00160331 /* extensions */,
				FF75D3602D232D4500160331 /* models */,
				FF9A50C12D499620001F1697 /* standings */,
			);
			path = data;
			sourceTree = "<group>";
		};
		FF75D35E2D232CAF00160331 /* ui */ = {
			isa = PBXGroup;
			children = (
				86645A4B2D5EAD66004BAB44 /* practice */,
				86645A2F2D5E29EB004BAB44 /* quali */,
				FF75D3732D233B2400160331 /* raceweekend */,
				FF75D36A2D2330FA00160331 /* summary */,
				FF75D3812D23614F00160331 /* season */,
				FF75D36B2D23310100160331 /* view */,
			);
			path = ui;
			sourceTree = "<group>";
		};
		FF75D3602D232D4500160331 /* models */ = {
			isa = PBXGroup;
			children = (
				86645A3B2D5EA64C004BAB44 /* practice */,
				86645A282D5E2843004BAB44 /* quali */,
				86F1B8372D5D0F4700AF923D /* summaries */,
				FF52D15C2D3F26E500DF2573 /* schedule */,
			);
			path = models;
			sourceTree = "<group>";
		};
		FF75D3632D232DCE00160331 /* extensions */ = {
			isa = PBXGroup;
			children = (
				FF75D3642D232DE100160331 /* Extensions.swift */,
			);
			path = extensions;
			sourceTree = "<group>";
		};
		FF75D3662D232E1400160331 /* calendar */ = {
			isa = PBXGroup;
			children = (
				86645A452D5EABDA004BAB44 /* mapper */,
				FF75D3672D232E6400160331 /* datalogic */,
				FF75D35B2D232C0200160331 /* data */,
				FF75D35E2D232CAF00160331 /* ui */,
			);
			path = calendar;
			sourceTree = "<group>";
		};
		FF75D3672D232E6400160331 /* datalogic */ = {
			isa = PBXGroup;
			children = (
				86645A422D5EA882004BAB44 /* laps */,
				86645A322D5E29FA004BAB44 /* quali */,
				86F1B83E2D5D110900AF923D /* summary */,
				FF52D1722D3FB9C200DF2573 /* schedule */,
			);
			path = datalogic;
			sourceTree = "<group>";
		};
		FF75D36A2D2330FA00160331 /* summary */ = {
			isa = PBXGroup;
			children = (
				86F1B8412D5D136900AF923D /* RaceWeekendViewModel.swift */,
			);
			path = summary;
			sourceTree = "<group>";
		};
		FF75D36B2D23310100160331 /* view */ = {
			isa = PBXGroup;
			children = (
				FF75D3862D23668900160331 /* HeadingView.swift */,
			);
			path = view;
			sourceTree = "<group>";
		};
		FF75D3732D233B2400160331 /* raceweekend */ = {
			isa = PBXGroup;
			children = (
				86F1B8452D5D295300AF923D /* results */,
				FF75D37E2D23479100160331 /* viewmodel */,
				FF75D37D2D23478300160331 /* view */,
			);
			path = raceweekend;
			sourceTree = "<group>";
		};
		FF75D3782D233FEE00160331 /* utils */ = {
			isa = PBXGroup;
			children = (
				86F1B8432D5D284A00AF923D /* ColorSchemeModifier.swift */,
				FF75D3792D233FF900160331 /* Extension.swift */,
				FFBA36E82D4D318E002D3245 /* IndeterminateProgressView.swift */,
				865618F92D5C184700567D38 /* PitlapPicker.swift */,
				86645AAD2D6433D7004BAB44 /* MultiSelectionPickerView.swift */,
			);
			path = utils;
			sourceTree = "<group>";
		};
		FF75D37D2D23478300160331 /* view */ = {
			isa = PBXGroup;
			children = (
				FF52D1432D3EDD8500DF2573 /* home */,
				FF75D3742D233B3800160331 /* RaceWeekendListItemView.swift */,
				FF75D3762D233B5000160331 /* RaceWeekendView.swift */,
				FF75D37B2D2344F400160331 /* RaceWeekendHeaderView.swift */,
				FF75D3882D236D4200160331 /* SessionItemView.swift */,
			);
			path = view;
			sourceTree = "<group>";
		};
		FF75D37E2D23479100160331 /* viewmodel */ = {
			isa = PBXGroup;
			children = (
				FF75D37F2D2347AE00160331 /* RaceWeekendHeaderViewModel.swift */,
			);
			path = viewmodel;
			sourceTree = "<group>";
		};
		FF75D3812D23614F00160331 /* season */ = {
			isa = PBXGroup;
			children = (
				FF75D3712D23328D00160331 /* SeasonView.swift */,
				FF75D36C2D23311D00160331 /* SeasonViewModel.swift */,
			);
			path = season;
			sourceTree = "<group>";
		};
		FF9799B02D35DFAF00CCF203 /* Frameworks */ = {
			isa = PBXGroup;
			children = (
				FF9799B12D35DFAF00CCF203 /* WidgetKit.framework */,
				FF9799B32D35DFAF00CCF203 /* SwiftUI.framework */,
			);
			name = Frameworks;
			sourceTree = "<group>";
		};
		FF9799B52D35DFAF00CCF203 /* PitThisLapWidget */ = {
			isa = PBXGroup;
			children = (
				FF9799B62D35DFAF00CCF203 /* PitThisLapWidgetBundle.swift */,
				FF9799B82D35DFAF00CCF203 /* PitThisLapWidget.swift */,
				FF9799BA2D35DFAF00CCF203 /* AppIntent.swift */,
				FF9799BC2D35DFBD00CCF203 /* Assets.xcassets */,
				FF9799BE2D35DFBD00CCF203 /* Info.plist */,
			);
			path = PitThisLapWidget;
			sourceTree = "<group>";
		};
		FF9A50C12D499620001F1697 /* standings */ = {
			isa = PBXGroup;
			children = (
				FF9A50C02D499620001F1697 /* DriverStandingEntity.swift */,
			);
			path = standings;
			sourceTree = "<group>";
		};
		FF9A50CA2D4B8CB7001F1697 /* fonts */ = {
			isa = PBXGroup;
			children = (
				86F1B82A2D5CDE6100AF923D /* Audiowide-Regular.ttf */,
				86F1B8242D5CDBD300AF923D /* NotoSans-VariableFont_wdth,wght.ttf */,
				FF9A50CE2D4B8FBA001F1697 /* f1-bold.ttf */,
				FF9A50CF2D4B8FBA001F1697 /* f1-numbers-regular.ttf */,
				FF9A50D02D4B8FBA001F1697 /* f1-regular.ttf */,
				FF9A50CB2D4B8CBA001F1697 /* f1.ttf */,
			);
			path = fonts;
			sourceTree = "<group>";
		};
		FF9A50D72D4BA705001F1697 /* ui */ = {
			isa = PBXGroup;
			children = (
				86F1B8072D5CCB5500AF923D /* StandingRow.swift */,
				865618FD2D5C1B9700567D38 /* StandingPickerView.swift */,
				FF52D1692D3F2F8F00DF2573 /* StandingsView.swift */,
				FF52D16B2D3F2FA400DF2573 /* StandingsViewModel.swift */,
			);
			path = ui;
			sourceTree = "<group>";
		};
		FF9A50FD2D4BE462001F1697 /* settings */ = {
			isa = PBXGroup;
			children = (
				86645AB22D648E08004BAB44 /* enums */,
				FF9A51002D4BE726001F1697 /* theme */,
				FF9A50FE2D4BE486001F1697 /* SettingsView.swift */,
				86645AB92D648F23004BAB44 /* SettingsViewModel.swift */,
			);
			path = settings;
			sourceTree = "<group>";
		};
		FF9A51002D4BE726001F1697 /* theme */ = {
			isa = PBXGroup;
			children = (
				FF9A51012D4BE73D001F1697 /* ThemeManager.swift */,
			);
			path = theme;
			sourceTree = "<group>";
		};
		FF9A51082D4CE53E001F1697 /* articles */ = {
			isa = PBXGroup;
			children = (
				FF9A510F2D4CE9EA001F1697 /* datalogic */,
				FF9A510A2D4CE553001F1697 /* view */,
				FF9A51092D4CE549001F1697 /* viewmodel */,
			);
			path = articles;
			sourceTree = "<group>";
		};
		FF9A51092D4CE549001F1697 /* viewmodel */ = {
			isa = PBXGroup;
			children = (
				FF9A510B2D4CE58E001F1697 /* ArticleFeedViewModel.swift */,
			);
			path = viewmodel;
			sourceTree = "<group>";
		};
		FF9A510A2D4CE553001F1697 /* view */ = {
			isa = PBXGroup;
			children = (
				FF9A510D2D4CE7CB001F1697 /* ArticleFeedView.swift */,
				FF9A51152D4CF088001F1697 /* ArticleFeedItemView.swift */,
				FF9A51172D4D05AA001F1697 /* ArticleView.swift */,
			);
			path = view;
			sourceTree = "<group>";
		};
		FF9A510F2D4CE9EA001F1697 /* datalogic */ = {
			isa = PBXGroup;
			children = (
				FF9A51102D4CEA09001F1697 /* RSSFeedDataLogic.swift */,
			);
			path = datalogic;
			sourceTree = "<group>";
		};
/* End PBXGroup section */

/* Begin PBXNativeTarget section */
		86645A9B2D642CD0004BAB44 /* PitLapTests */ = {
			isa = PBXNativeTarget;
			buildConfigurationList = 86645AA22D642CD0004BAB44 /* Build configuration list for PBXNativeTarget "PitLapTests" */;
			buildPhases = (
				86645A982D642CD0004BAB44 /* Sources */,
				86645A992D642CD0004BAB44 /* Frameworks */,
				86645A9A2D642CD0004BAB44 /* Resources */,
			);
			buildRules = (
			);
			dependencies = (
				86645AA12D642CD0004BAB44 /* PBXTargetDependency */,
			);
			fileSystemSynchronizedGroups = (
				86645A9D2D642CD0004BAB44 /* PitLapTests */,
			);
			name = PitLapTests;
			packageProductDependencies = (
			);
			productName = PitLapTests;
			productReference = 86645A9C2D642CD0004BAB44 /* PitLapTests.xctest */;
			productType = "com.apple.product-type.bundle.unit-test";
		};
		FF75D3492D232BD700160331 /* PitLap */ = {
			isa = PBXNativeTarget;
			buildConfigurationList = FF75D3582D232BDA00160331 /* Build configuration list for PBXNativeTarget "PitLap" */;
			buildPhases = (
				FF75D3462D232BD700160331 /* Sources */,
				FF75D3472D232BD700160331 /* Frameworks */,
				FF75D3482D232BD700160331 /* Resources */,
				FF9A50C72D499D27001F1697 /* Embed Foundation Extensions */,
			);
			buildRules = (
			);
			dependencies = (
				FF9A50C62D499D27001F1697 /* PBXTargetDependency */,
				FF9A50C92D499D3B001F1697 /* PBXTargetDependency */,
			);
			fileSystemSynchronizedGroups = (
				865618F12D5A9CF600567D38 /* api */,
			);
			name = PitLap;
			productName = "Box Box";
			productReference = FF75D34A2D232BD700160331 /* PitLap.app */;
			productType = "com.apple.product-type.application";
		};
		FF9799AE2D35DFAF00CCF203 /* PitLapWidgetExtension */ = {
			isa = PBXNativeTarget;
			buildConfigurationList = FF9799C52D35DFBD00CCF203 /* Build configuration list for PBXNativeTarget "PitLapWidgetExtension" */;
			buildPhases = (
				FF9799AB2D35DFAF00CCF203 /* Sources */,
				FF9799AC2D35DFAF00CCF203 /* Frameworks */,
				FF9799AD2D35DFAF00CCF203 /* Resources */,
			);
			buildRules = (
			);
			dependencies = (
			);
			name = PitLapWidgetExtension;
			productName = PitThisLapWidgetExtension;
			productReference = FF9799AF2D35DFAF00CCF203 /* PitLapWidgetExtension.appex */;
			productType = "com.apple.product-type.app-extension";
		};
/* End PBXNativeTarget section */

/* Begin PBXProject section */
		FF75D3422D232BD700160331 /* Project object */ = {
			isa = PBXProject;
			attributes = {
				BuildIndependentTargetsInParallel = 1;
				LastSwiftUpdateCheck = 1620;
				LastUpgradeCheck = 1540;
				TargetAttributes = {
					86645A9B2D642CD0004BAB44 = {
						CreatedOnToolsVersion = 16.2;
						TestTargetID = FF75D3492D232BD700160331;
					};
					FF75D3492D232BD700160331 = {
						CreatedOnToolsVersion = 15.4;
					};
					FF9799AE2D35DFAF00CCF203 = {
						CreatedOnToolsVersion = 15.4;
					};
				};
			};
			buildConfigurationList = FF75D3452D232BD700160331 /* Build configuration list for PBXProject "PitLap" */;
			compatibilityVersion = "Xcode 14.0";
			developmentRegion = en;
			hasScannedForEncodings = 0;
			knownRegions = (
				en,
				Base,
			);
			mainGroup = FF75D3412D232BD700160331;
			packageReferences = (
				FF9A50BB2D499282001F1697 /* XCLocalSwiftPackageReference "../PersistenceManager" */,
				FF9A51032D4CE32A001F1697 /* XCRemoteSwiftPackageReference "FeedKit" */,
				FF9A51122D4CED52001F1697 /* XCRemoteSwiftPackageReference "Kingfisher" */,
			);
			productRefGroup = FF75D34B2D232BD700160331 /* Products */;
			projectDirPath = "";
			projectRoot = "";
			targets = (
				FF75D3492D232BD700160331 /* PitLap */,
				FF9799AE2D35DFAF00CCF203 /* PitLapWidgetExtension */,
				86645A9B2D642CD0004BAB44 /* PitLapTests */,
			);
		};
/* End PBXProject section */

/* Begin PBXResourcesBuildPhase section */
		86645A9A2D642CD0004BAB44 /* Resources */ = {
			isa = PBXResourcesBuildPhase;
			buildActionMask = 2147483647;
			files = (
			);
			runOnlyForDeploymentPostprocessing = 0;
		};
		FF75D3482D232BD700160331 /* Resources */ = {
			isa = PBXResourcesBuildPhase;
			buildActionMask = 2147483647;
			files = (
				86F1B8262D5CDBD300AF923D /* NotoSans-VariableFont_wdth,wght.ttf in Resources */,
				FF9A50CC2D4B8CBA001F1697 /* f1.ttf in Resources */,
				FF75D3552D232BDA00160331 /* Preview Assets.xcassets in Resources */,
				86645A1E2D5E0BC1004BAB44 /* 10.png in Resources */,
				86645A1F2D5E0BC1004BAB44 /* 7.png in Resources */,
				86645A202D5E0BC1004BAB44 /* 8.png in Resources */,
				86645A212D5E0BC1004BAB44 /* 5.png in Resources */,
				86645A222D5E0BC1004BAB44 /* 6.png in Resources */,
				86645A232D5E0BC1004BAB44 /* 2.png in Resources */,
				86645A242D5E0BC1004BAB44 /* 3.png in Resources */,
				86645A252D5E0BC1004BAB44 /* 4.png in Resources */,
				86645A262D5E0BC1004BAB44 /* 11.png in Resources */,
				86645A272D5E0BC1004BAB44 /* 9.png in Resources */,
				FF75D3522D232BDA00160331 /* Assets.xcassets in Resources */,
				FF9A50D42D4B8FBA001F1697 /* f1-bold.ttf in Resources */,
				FF9A50D52D4B8FBA001F1697 /* f1-numbers-regular.ttf in Resources */,
				FF9A50D62D4B8FBA001F1697 /* f1-regular.ttf in Resources */,
				86F1B82B2D5CDE6100AF923D /* Audiowide-Regular.ttf in Resources */,
			);
			runOnlyForDeploymentPostprocessing = 0;
		};
		FF9799AD2D35DFAF00CCF203 /* Resources */ = {
			isa = PBXResourcesBuildPhase;
			buildActionMask = 2147483647;
			files = (
				FF9A50D12D4B8FBA001F1697 /* f1-bold.ttf in Resources */,
				FF9A50D22D4B8FBA001F1697 /* f1-numbers-regular.ttf in Resources */,
				FF9A50D32D4B8FBA001F1697 /* f1-regular.ttf in Resources */,
				86F1B82C2D5CDE6100AF923D /* Audiowide-Regular.ttf in Resources */,
				86F1B8252D5CDBD300AF923D /* NotoSans-VariableFont_wdth,wght.ttf in Resources */,
				FF9799BD2D35DFBD00CCF203 /* Assets.xcassets in Resources */,
			);
			runOnlyForDeploymentPostprocessing = 0;
		};
/* End PBXResourcesBuildPhase section */

/* Begin PBXSourcesBuildPhase section */
		86645A982D642CD0004BAB44 /* Sources */ = {
			isa = PBXSourcesBuildPhase;
			buildActionMask = 2147483647;
			files = (
			);
			runOnlyForDeploymentPostprocessing = 0;
		};
		FF75D3462D232BD700160331 /* Sources */ = {
			isa = PBXSourcesBuildPhase;
			buildActionMask = 2147483647;
			files = (
				FF52D1462D3EDDF500DF2573 /* SeasonTabOption.swift in Sources */,
				FF9A51022D4BE73D001F1697 /* ThemeManager.swift in Sources */,
				86F1B8442D5D284D00AF923D /* ColorSchemeModifier.swift in Sources */,
				86F1B8062D5CC7D400AF923D /* StandingRowModel.swift in Sources */,
				FF75D37C2D2344F400160331 /* RaceWeekendHeaderView.swift in Sources */,
				86645ABF2D64951F004BAB44 /* PrimaryButtonStyle.swift in Sources */,
				86645AB42D648E24004BAB44 /* F1Team.swift in Sources */,
				86645A442D5EA895004BAB44 /* LapsDataLogic.swift in Sources */,
				FF75D3502D232BD700160331 /* ContentView.swift in Sources */,
				FF75D3752D233B3800160331 /* RaceWeekendListItemView.swift in Sources */,
				FF75D36D2D23311D00160331 /* SeasonViewModel.swift in Sources */,
				86F1B8492D5D2A9600AF923D /* RaceResultView.swift in Sources */,
				FF75D3892D236D4200160331 /* SessionItemView.swift in Sources */,
				FF75D3692D232EB000160331 /* SeasonDataLogic.swift in Sources */,
				FF52D1542D3F0D8F00DF2573 /* BottomNavTab.swift in Sources */,
				FF9A510E2D4CE7CB001F1697 /* ArticleFeedView.swift in Sources */,
				86F1B8472D5D297100AF923D /* RaceResultRow.swift in Sources */,
				FF75D3872D23668900160331 /* HeadingView.swift in Sources */,
				FF9A50C22D499620001F1697 /* DriverStandingEntity.swift in Sources */,
				FF75D3622D232D5200160331 /* RaceWeekendModel.swift in Sources */,
				FF52D1812D3FE7D500DF2573 /* LeadChangeView.swift in Sources */,
				FF52D16C2D3F2FA400DF2573 /* StandingsViewModel.swift in Sources */,
				865618FE2D5C1B9700567D38 /* StandingPickerView.swift in Sources */,
				86F1B8022D5CC58900AF923D /* ConstructorStandingModel.swift in Sources */,
				FF9A51162D4CF088001F1697 /* ArticleFeedItemView.swift in Sources */,
				FF75D34E2D232BD700160331 /* PitLap.swift in Sources */,
				86645AB72D648EE3004BAB44 /* AppIconService.swift in Sources */,
				86645A472D5EABED004BAB44 /* LapDataMapper.swift in Sources */,
				86645A362D5E2BD9004BAB44 /* QualiViewModel.swift in Sources */,
				FF75D3722D23328D00160331 /* SeasonView.swift in Sources */,
				86645A952D642221004BAB44 /* NotificationManager.swift in Sources */,
				86645A972D6427BC004BAB44 /* NotificationPayload.swift in Sources */,
				86F1B8422D5D137100AF923D /* RaceWeekendViewModel.swift in Sources */,
				FF9A51182D4D05AA001F1697 /* ArticleView.swift in Sources */,
				FF52D1562D3F0E1600DF2573 /* BottomNavTabBar.swift in Sources */,
				86F1B83D2D5D0FB300AF923D /* TrackSummaryModel.swift in Sources */,
				FF52D15B2D3F264900DF2573 /* DriverStandingModel.swift in Sources */,
				86645A412D5EA742004BAB44 /* PracticeLapsModel.swift in Sources */,
				FF52D1592D3F121200DF2573 /* HideTabBarRepresentable.swift in Sources */,
				86645A312D5E29F7004BAB44 /* QualiDataLogic.swift in Sources */,
				FF52D14D2D3F04D100DF2573 /* ViewCoordinator.swift in Sources */,
				86645A552D5EAE89004BAB44 /* PracticeResultRow.swift in Sources */,
				FF75D3802D2347AE00160331 /* RaceWeekendHeaderViewModel.swift in Sources */,
				86645AAE2D6433D7004BAB44 /* MultiSelectionPickerView.swift in Sources */,
				FF9A50FF2D4BE486001F1697 /* SettingsView.swift in Sources */,
				86645ABA2D648F23004BAB44 /* SettingsViewModel.swift in Sources */,
				86645A3D2D5EA661004BAB44 /* LapModel.swift in Sources */,
				FF52D17D2D3FBF0000DF2573 /* DriverAnalysisView.swift in Sources */,
				FF52D14F2D3F053900DF2573 /* SplashViewModel.swift in Sources */,
				FF78AFB32D3AE99900BDD4F7 /* SeasonEntityMapper.swift in Sources */,
				86645A382D5E2D63004BAB44 /* QualiResultRow.swift in Sources */,
				86F1B8082D5CCB5900AF923D /* StandingRow.swift in Sources */,
				865618FB2D5C184800567D38 /* PitlapPicker.swift in Sources */,
				86645ABC2D648FF8004BAB44 /* NotificationSessionType.swift in Sources */,
				FF52D17A2D3FBBC300DF2573 /* DriverAnalysisViewModel.swift in Sources */,
				86645A572D5EB4BA004BAB44 /* LapTimesByCompoundView.swift in Sources */,
				FFBA36EA2D4D318E002D3245 /* IndeterminateProgressView.swift in Sources */,
				FF9A510C2D4CE58E001F1697 /* ArticleFeedViewModel.swift in Sources */,
				FF9A51112D4CEA09001F1697 /* RSSFeedDataLogic.swift in Sources */,
				86645A532D5EAE23004BAB44 /* PracticeView.swift in Sources */,
				FF52D1652D3F2B0100DF2573 /* StandingsDataLogic.swift in Sources */,
				FF52D16A2D3F2F8F00DF2573 /* StandingsView.swift in Sources */,
				86645A2D2D5E28FB004BAB44 /* QualiResults.swift in Sources */,
				86645AB12D6435AC004BAB44 /* NotificationTriggerEvent.swift in Sources */,
				FF52D1702D3FB99000DF2573 /* DriverAnalysisModel.swift in Sources */,
				FF52D1752D3FB9F400DF2573 /* DriverAnalysisDataLogic.swift in Sources */,
				86645A4F2D5EADAF004BAB44 /* PracticeViewModel.swift in Sources */,
				FF75D37A2D233FF900160331 /* Extension.swift in Sources */,
				86645A3A2D5E2F3E004BAB44 /* QualiResultView.swift in Sources */,
				86F1B8392D5D0F5B00AF923D /* RaceSummaryModel.swift in Sources */,
				FF52D14A2D3EFFD200DF2573 /* SplashView.swift in Sources */,
				FF52D1832D40026F00DF2573 /* TriviaView.swift in Sources */,
				86F1B8402D5D112200AF923D /* SummariesDataLogic.swift in Sources */,
				FF75D3772D233B5000160331 /* RaceWeekendView.swift in Sources */,
				86645A2B2D5E287C004BAB44 /* QualiResultModel.swift in Sources */,
				86645A492D5EAC65004BAB44 /* GroupLapModel.swift in Sources */,
				FF75D3652D232DE100160331 /* Extensions.swift in Sources */,
			);
			runOnlyForDeploymentPostprocessing = 0;
		};
		FF9799AB2D35DFAF00CCF203 /* Sources */ = {
			isa = PBXSourcesBuildPhase;
			buildActionMask = 2147483647;
			files = (
				86645A402D5EA742004BAB44 /* PracticeLapsModel.swift in Sources */,
				FF78AFB42D3AE99900BDD4F7 /* SeasonEntityMapper.swift in Sources */,
				FF9799B72D35DFAF00CCF203 /* PitThisLapWidgetBundle.swift in Sources */,
				86645A3E2D5EA661004BAB44 /* LapModel.swift in Sources */,
				86F1B83C2D5D0FB300AF923D /* TrackSummaryModel.swift in Sources */,
				86645A2E2D5E28FB004BAB44 /* QualiResults.swift in Sources */,
				FF9A50C32D499620001F1697 /* DriverStandingEntity.swift in Sources */,
				FF9799B92D35DFAF00CCF203 /* PitThisLapWidget.swift in Sources */,
				FF9799BB2D35DFAF00CCF203 /* AppIntent.swift in Sources */,
				FF9799CA2D35E94D00CCF203 /* Extension.swift in Sources */,
				FF9799C92D35E93900CCF203 /* RaceWeekendModel.swift in Sources */,
				FF9799C62D35E90E00CCF203 /* Extensions.swift in Sources */,
				86645A4A2D5EAC65004BAB44 /* GroupLapModel.swift in Sources */,
				86645A2A2D5E287C004BAB44 /* QualiResultModel.swift in Sources */,
				86F1B83A2D5D0F5B00AF923D /* RaceSummaryModel.swift in Sources */,
			);
			runOnlyForDeploymentPostprocessing = 0;
		};
/* End PBXSourcesBuildPhase section */

/* Begin PBXTargetDependency section */
		86645AA12D642CD0004BAB44 /* PBXTargetDependency */ = {
			isa = PBXTargetDependency;
			target = FF75D3492D232BD700160331 /* PitLap */;
			targetProxy = 86645AA02D642CD0004BAB44 /* PBXContainerItemProxy */;
		};
		FF9A50C62D499D27001F1697 /* PBXTargetDependency */ = {
			isa = PBXTargetDependency;
			target = FF9799AE2D35DFAF00CCF203 /* PitLapWidgetExtension */;
			targetProxy = FF9A50C52D499D27001F1697 /* PBXContainerItemProxy */;
		};
		FF9A50C92D499D3B001F1697 /* PBXTargetDependency */ = {
			isa = PBXTargetDependency;
			target = FF9799AE2D35DFAF00CCF203 /* PitLapWidgetExtension */;
			targetProxy = FF9A50C82D499D3B001F1697 /* PBXContainerItemProxy */;
		};
/* End PBXTargetDependency section */

/* Begin XCBuildConfiguration section */
		86645AA32D642CD0004BAB44 /* Debug */ = {
			isa = XCBuildConfiguration;
			buildSettings = {
				BUNDLE_LOADER = "$(TEST_HOST)";
				CODE_SIGN_STYLE = Automatic;
				CURRENT_PROJECT_VERSION = 1;
				DEVELOPMENT_TEAM = 6HY2T876CG;
				GENERATE_INFOPLIST_FILE = YES;
				IPHONEOS_DEPLOYMENT_TARGET = 17;
				MARKETING_VERSION = 1.0;
				PRODUCT_BUNDLE_IDENTIFIER = eu.pitlap.PitLapTests;
				PRODUCT_NAME = "$(TARGET_NAME)";
				SWIFT_EMIT_LOC_STRINGS = NO;
				SWIFT_VERSION = 5.0;
				TARGETED_DEVICE_FAMILY = "1,2";
				TEST_HOST = "$(BUILT_PRODUCTS_DIR)/PitLap.app/$(BUNDLE_EXECUTABLE_FOLDER_PATH)/PitLap";
			};
			name = Debug;
		};
		86645AA42D642CD0004BAB44 /* Release */ = {
			isa = XCBuildConfiguration;
			buildSettings = {
				BUNDLE_LOADER = "$(TEST_HOST)";
				CODE_SIGN_STYLE = Automatic;
				CURRENT_PROJECT_VERSION = 1;
				DEVELOPMENT_TEAM = 6HY2T876CG;
				GENERATE_INFOPLIST_FILE = YES;
				IPHONEOS_DEPLOYMENT_TARGET = 17;
				MARKETING_VERSION = 1.0;
				PRODUCT_BUNDLE_IDENTIFIER = eu.pitlap.PitLapTests;
				PRODUCT_NAME = "$(TARGET_NAME)";
				SWIFT_EMIT_LOC_STRINGS = NO;
				SWIFT_VERSION = 5.0;
				TARGETED_DEVICE_FAMILY = "1,2";
				TEST_HOST = "$(BUILT_PRODUCTS_DIR)/PitLap.app/$(BUNDLE_EXECUTABLE_FOLDER_PATH)/PitLap";
			};
			name = Release;
		};
		FF75D3562D232BDA00160331 /* Debug */ = {
			isa = XCBuildConfiguration;
			buildSettings = {
				ALWAYS_SEARCH_USER_PATHS = NO;
				ASSETCATALOG_COMPILER_GENERATE_SWIFT_ASSET_SYMBOL_EXTENSIONS = YES;
				CLANG_ANALYZER_NONNULL = YES;
				CLANG_ANALYZER_NUMBER_OBJECT_CONVERSION = YES_AGGRESSIVE;
				CLANG_CXX_LANGUAGE_STANDARD = "gnu++20";
				CLANG_ENABLE_MODULES = YES;
				CLANG_ENABLE_OBJC_ARC = YES;
				CLANG_ENABLE_OBJC_WEAK = YES;
				CLANG_WARN_BLOCK_CAPTURE_AUTORELEASING = YES;
				CLANG_WARN_BOOL_CONVERSION = YES;
				CLANG_WARN_COMMA = YES;
				CLANG_WARN_CONSTANT_CONVERSION = YES;
				CLANG_WARN_DEPRECATED_OBJC_IMPLEMENTATIONS = YES;
				CLANG_WARN_DIRECT_OBJC_ISA_USAGE = YES_ERROR;
				CLANG_WARN_DOCUMENTATION_COMMENTS = YES;
				CLANG_WARN_EMPTY_BODY = YES;
				CLANG_WARN_ENUM_CONVERSION = YES;
				CLANG_WARN_INFINITE_RECURSION = YES;
				CLANG_WARN_INT_CONVERSION = YES;
				CLANG_WARN_NON_LITERAL_NULL_CONVERSION = YES;
				CLANG_WARN_OBJC_IMPLICIT_RETAIN_SELF = YES;
				CLANG_WARN_OBJC_LITERAL_CONVERSION = YES;
				CLANG_WARN_OBJC_ROOT_CLASS = YES_ERROR;
				CLANG_WARN_QUOTED_INCLUDE_IN_FRAMEWORK_HEADER = YES;
				CLANG_WARN_RANGE_LOOP_ANALYSIS = YES;
				CLANG_WARN_STRICT_PROTOTYPES = YES;
				CLANG_WARN_SUSPICIOUS_MOVE = YES;
				CLANG_WARN_UNGUARDED_AVAILABILITY = YES_AGGRESSIVE;
				CLANG_WARN_UNREACHABLE_CODE = YES;
				CLANG_WARN__DUPLICATE_METHOD_MATCH = YES;
				COPY_PHASE_STRIP = NO;
				DEBUG_INFORMATION_FORMAT = dwarf;
				ENABLE_STRICT_OBJC_MSGSEND = YES;
				ENABLE_TESTABILITY = YES;
				ENABLE_USER_SCRIPT_SANDBOXING = YES;
				GCC_C_LANGUAGE_STANDARD = gnu17;
				GCC_DYNAMIC_NO_PIC = NO;
				GCC_NO_COMMON_BLOCKS = YES;
				GCC_OPTIMIZATION_LEVEL = 0;
				GCC_PREPROCESSOR_DEFINITIONS = (
					"DEBUG=1",
					"$(inherited)",
				);
				GCC_WARN_64_TO_32_BIT_CONVERSION = YES;
				GCC_WARN_ABOUT_RETURN_TYPE = YES_ERROR;
				GCC_WARN_UNDECLARED_SELECTOR = YES;
				GCC_WARN_UNINITIALIZED_AUTOS = YES_AGGRESSIVE;
				GCC_WARN_UNUSED_FUNCTION = YES;
				GCC_WARN_UNUSED_VARIABLE = YES;
				IPHONEOS_DEPLOYMENT_TARGET = 17.5;
				LOCALIZATION_PREFERS_STRING_CATALOGS = YES;
				MTL_ENABLE_DEBUG_INFO = INCLUDE_SOURCE;
				MTL_FAST_MATH = YES;
				ONLY_ACTIVE_ARCH = YES;
				SDKROOT = iphoneos;
				SWIFT_ACTIVE_COMPILATION_CONDITIONS = "DEBUG $(inherited)";
				SWIFT_OPTIMIZATION_LEVEL = "-Onone";
			};
			name = Debug;
		};
		FF75D3572D232BDA00160331 /* Release */ = {
			isa = XCBuildConfiguration;
			buildSettings = {
				ALWAYS_SEARCH_USER_PATHS = NO;
				ASSETCATALOG_COMPILER_GENERATE_SWIFT_ASSET_SYMBOL_EXTENSIONS = YES;
				CLANG_ANALYZER_NONNULL = YES;
				CLANG_ANALYZER_NUMBER_OBJECT_CONVERSION = YES_AGGRESSIVE;
				CLANG_CXX_LANGUAGE_STANDARD = "gnu++20";
				CLANG_ENABLE_MODULES = YES;
				CLANG_ENABLE_OBJC_ARC = YES;
				CLANG_ENABLE_OBJC_WEAK = YES;
				CLANG_WARN_BLOCK_CAPTURE_AUTORELEASING = YES;
				CLANG_WARN_BOOL_CONVERSION = YES;
				CLANG_WARN_COMMA = YES;
				CLANG_WARN_CONSTANT_CONVERSION = YES;
				CLANG_WARN_DEPRECATED_OBJC_IMPLEMENTATIONS = YES;
				CLANG_WARN_DIRECT_OBJC_ISA_USAGE = YES_ERROR;
				CLANG_WARN_DOCUMENTATION_COMMENTS = YES;
				CLANG_WARN_EMPTY_BODY = YES;
				CLANG_WARN_ENUM_CONVERSION = YES;
				CLANG_WARN_INFINITE_RECURSION = YES;
				CLANG_WARN_INT_CONVERSION = YES;
				CLANG_WARN_NON_LITERAL_NULL_CONVERSION = YES;
				CLANG_WARN_OBJC_IMPLICIT_RETAIN_SELF = YES;
				CLANG_WARN_OBJC_LITERAL_CONVERSION = YES;
				CLANG_WARN_OBJC_ROOT_CLASS = YES_ERROR;
				CLANG_WARN_QUOTED_INCLUDE_IN_FRAMEWORK_HEADER = YES;
				CLANG_WARN_RANGE_LOOP_ANALYSIS = YES;
				CLANG_WARN_STRICT_PROTOTYPES = YES;
				CLANG_WARN_SUSPICIOUS_MOVE = YES;
				CLANG_WARN_UNGUARDED_AVAILABILITY = YES_AGGRESSIVE;
				CLANG_WARN_UNREACHABLE_CODE = YES;
				CLANG_WARN__DUPLICATE_METHOD_MATCH = YES;
				COPY_PHASE_STRIP = NO;
				DEBUG_INFORMATION_FORMAT = "dwarf-with-dsym";
				ENABLE_NS_ASSERTIONS = NO;
				ENABLE_STRICT_OBJC_MSGSEND = YES;
				ENABLE_USER_SCRIPT_SANDBOXING = YES;
				GCC_C_LANGUAGE_STANDARD = gnu17;
				GCC_NO_COMMON_BLOCKS = YES;
				GCC_WARN_64_TO_32_BIT_CONVERSION = YES;
				GCC_WARN_ABOUT_RETURN_TYPE = YES_ERROR;
				GCC_WARN_UNDECLARED_SELECTOR = YES;
				GCC_WARN_UNINITIALIZED_AUTOS = YES_AGGRESSIVE;
				GCC_WARN_UNUSED_FUNCTION = YES;
				GCC_WARN_UNUSED_VARIABLE = YES;
				IPHONEOS_DEPLOYMENT_TARGET = 17.5;
				LOCALIZATION_PREFERS_STRING_CATALOGS = YES;
				MTL_ENABLE_DEBUG_INFO = NO;
				MTL_FAST_MATH = YES;
				SDKROOT = iphoneos;
				SWIFT_COMPILATION_MODE = wholemodule;
				VALIDATE_PRODUCT = YES;
			};
			name = Release;
		};
		FF75D3592D232BDA00160331 /* Debug */ = {
			isa = XCBuildConfiguration;
			buildSettings = {
				ASSETCATALOG_COMPILER_APPICON_NAME = AppIcon;
				ASSETCATALOG_COMPILER_GLOBAL_ACCENT_COLOR_NAME = AccentColor;
				CODE_SIGN_ENTITLEMENTS = PitLap/PitLapDebug.entitlements;
				CODE_SIGN_IDENTITY = "Apple Development";
				CODE_SIGN_STYLE = Automatic;
				CURRENT_PROJECT_VERSION = 1;
				DEVELOPMENT_ASSET_PATHS = "\"PitLap/Preview Content\"";
				DEVELOPMENT_TEAM = 6HY2T876CG;
				ENABLE_PREVIEWS = YES;
				GENERATE_INFOPLIST_FILE = YES;
				INFOPLIST_FILE = PitLap/Info.plist;
				INFOPLIST_KEY_CFBundleDisplayName = Pitlap;
				INFOPLIST_KEY_LSApplicationCategoryType = "public.app-category.sports";
				INFOPLIST_KEY_UIApplicationSceneManifest_Generation = YES;
				INFOPLIST_KEY_UIApplicationSupportsIndirectInputEvents = YES;
				INFOPLIST_KEY_UILaunchScreen_Generation = YES;
				INFOPLIST_KEY_UISupportedInterfaceOrientations_iPad = "UIInterfaceOrientationPortrait UIInterfaceOrientationPortraitUpsideDown UIInterfaceOrientationLandscapeLeft UIInterfaceOrientationLandscapeRight";
				INFOPLIST_KEY_UISupportedInterfaceOrientations_iPhone = "UIInterfaceOrientationPortrait UIInterfaceOrientationLandscapeLeft UIInterfaceOrientationLandscapeRight";
				IPHONEOS_DEPLOYMENT_TARGET = 17.0;
				LD_RUNPATH_SEARCH_PATHS = (
					"$(inherited)",
					"@executable_path/Frameworks",
				);
				MARKETING_VERSION = 1.0;
				PRODUCT_BUNDLE_IDENTIFIER = eu.pitlap.ios;
				PRODUCT_NAME = "$(TARGET_NAME)";
				PROVISIONING_PROFILE_SPECIFIER = "";
				SWIFT_EMIT_LOC_STRINGS = YES;
				SWIFT_VERSION = 5.0;
				TARGETED_DEVICE_FAMILY = 1;
			};
			name = Debug;
		};
		FF75D35A2D232BDA00160331 /* Release */ = {
			isa = XCBuildConfiguration;
			buildSettings = {
				ASSETCATALOG_COMPILER_APPICON_NAME = AppIcon;
				ASSETCATALOG_COMPILER_GLOBAL_ACCENT_COLOR_NAME = AccentColor;
				CODE_SIGN_IDENTITY = "Apple Development";
				CODE_SIGN_STYLE = Automatic;
				CURRENT_PROJECT_VERSION = 1;
				DEVELOPMENT_ASSET_PATHS = "\"PitLap/Preview Content\"";
				DEVELOPMENT_TEAM = 6HY2T876CG;
				ENABLE_PREVIEWS = YES;
				GENERATE_INFOPLIST_FILE = YES;
				INFOPLIST_FILE = PitLap/Info.plist;
				INFOPLIST_KEY_CFBundleDisplayName = Pitlap;
				INFOPLIST_KEY_LSApplicationCategoryType = "public.app-category.sports";
				INFOPLIST_KEY_UIApplicationSceneManifest_Generation = YES;
				INFOPLIST_KEY_UIApplicationSupportsIndirectInputEvents = YES;
				INFOPLIST_KEY_UILaunchScreen_Generation = YES;
				INFOPLIST_KEY_UISupportedInterfaceOrientations_iPad = "UIInterfaceOrientationPortrait UIInterfaceOrientationPortraitUpsideDown UIInterfaceOrientationLandscapeLeft UIInterfaceOrientationLandscapeRight";
				INFOPLIST_KEY_UISupportedInterfaceOrientations_iPhone = "UIInterfaceOrientationPortrait UIInterfaceOrientationLandscapeLeft UIInterfaceOrientationLandscapeRight";
				IPHONEOS_DEPLOYMENT_TARGET = 17.0;
				LD_RUNPATH_SEARCH_PATHS = (
					"$(inherited)",
					"@executable_path/Frameworks",
				);
				MARKETING_VERSION = 1.0;
				PRODUCT_BUNDLE_IDENTIFIER = eu.pitlap.ios;
				PRODUCT_NAME = "$(TARGET_NAME)";
				PROVISIONING_PROFILE_SPECIFIER = "";
				SWIFT_EMIT_LOC_STRINGS = YES;
				SWIFT_VERSION = 5.0;
				TARGETED_DEVICE_FAMILY = 1;
			};
			name = Release;
		};
		FF9799C32D35DFBD00CCF203 /* Debug */ = {
			isa = XCBuildConfiguration;
			buildSettings = {
				ASSETCATALOG_COMPILER_GLOBAL_ACCENT_COLOR_NAME = AccentColor;
				ASSETCATALOG_COMPILER_WIDGET_BACKGROUND_COLOR_NAME = WidgetBackground;
				CODE_SIGN_ENTITLEMENTS = PitThisLapWidgetExtensionDebug.entitlements;
				CODE_SIGN_STYLE = Automatic;
				CURRENT_PROJECT_VERSION = 1;
				DEVELOPMENT_TEAM = 6HY2T876CG;
				GENERATE_INFOPLIST_FILE = YES;
				INFOPLIST_FILE = PitThisLapWidget/Info.plist;
				INFOPLIST_KEY_CFBundleDisplayName = PitThisLapWidget;
				INFOPLIST_KEY_NSHumanReadableCopyright = "";
				LD_RUNPATH_SEARCH_PATHS = (
					"$(inherited)",
					"@executable_path/Frameworks",
					"@executable_path/../../Frameworks",
				);
				MARKETING_VERSION = 1.0;
				PRODUCT_BUNDLE_IDENTIFIER = eu.pitlap.ios.PitThisLapWidget;
				PRODUCT_NAME = "$(TARGET_NAME)";
				SKIP_INSTALL = YES;
				SWIFT_EMIT_LOC_STRINGS = YES;
				SWIFT_VERSION = 5.0;
				TARGETED_DEVICE_FAMILY = "1,2";
			};
			name = Debug;
		};
		FF9799C42D35DFBD00CCF203 /* Release */ = {
			isa = XCBuildConfiguration;
			buildSettings = {
				ASSETCATALOG_COMPILER_GLOBAL_ACCENT_COLOR_NAME = AccentColor;
				ASSETCATALOG_COMPILER_WIDGET_BACKGROUND_COLOR_NAME = WidgetBackground;
				CODE_SIGN_STYLE = Automatic;
				CURRENT_PROJECT_VERSION = 1;
				DEVELOPMENT_TEAM = 6HY2T876CG;
				GENERATE_INFOPLIST_FILE = YES;
				INFOPLIST_FILE = PitThisLapWidget/Info.plist;
				INFOPLIST_KEY_CFBundleDisplayName = PitThisLapWidget;
				INFOPLIST_KEY_NSHumanReadableCopyright = "";
				LD_RUNPATH_SEARCH_PATHS = (
					"$(inherited)",
					"@executable_path/Frameworks",
					"@executable_path/../../Frameworks",
				);
				MARKETING_VERSION = 1.0;
				PRODUCT_BUNDLE_IDENTIFIER = eu.pitlap.ios.PitThisLapWidget;
				PRODUCT_NAME = "$(TARGET_NAME)";
				SKIP_INSTALL = YES;
				SWIFT_EMIT_LOC_STRINGS = YES;
				SWIFT_VERSION = 5.0;
				TARGETED_DEVICE_FAMILY = "1,2";
			};
			name = Release;
		};
/* End XCBuildConfiguration section */

/* Begin XCConfigurationList section */
		86645AA22D642CD0004BAB44 /* Build configuration list for PBXNativeTarget "PitLapTests" */ = {
			isa = XCConfigurationList;
			buildConfigurations = (
				86645AA32D642CD0004BAB44 /* Debug */,
				86645AA42D642CD0004BAB44 /* Release */,
			);
			defaultConfigurationIsVisible = 0;
			defaultConfigurationName = Release;
		};
		FF75D3452D232BD700160331 /* Build configuration list for PBXProject "PitLap" */ = {
			isa = XCConfigurationList;
			buildConfigurations = (
				FF75D3562D232BDA00160331 /* Debug */,
				FF75D3572D232BDA00160331 /* Release */,
			);
			defaultConfigurationIsVisible = 0;
			defaultConfigurationName = Release;
		};
		FF75D3582D232BDA00160331 /* Build configuration list for PBXNativeTarget "PitLap" */ = {
			isa = XCConfigurationList;
			buildConfigurations = (
				FF75D3592D232BDA00160331 /* Debug */,
				FF75D35A2D232BDA00160331 /* Release */,
			);
			defaultConfigurationIsVisible = 0;
			defaultConfigurationName = Release;
		};
		FF9799C52D35DFBD00CCF203 /* Build configuration list for PBXNativeTarget "PitLapWidgetExtension" */ = {
			isa = XCConfigurationList;
			buildConfigurations = (
				FF9799C32D35DFBD00CCF203 /* Debug */,
				FF9799C42D35DFBD00CCF203 /* Release */,
			);
			defaultConfigurationIsVisible = 0;
			defaultConfigurationName = Release;
		};
/* End XCConfigurationList section */

/* Begin XCLocalSwiftPackageReference section */
		FF9A50BB2D499282001F1697 /* XCLocalSwiftPackageReference "../PersistenceManager" */ = {
			isa = XCLocalSwiftPackageReference;
			relativePath = ../PersistenceManager;
		};
/* End XCLocalSwiftPackageReference section */

/* Begin XCRemoteSwiftPackageReference section */
		FF9A51032D4CE32A001F1697 /* XCRemoteSwiftPackageReference "FeedKit" */ = {
			isa = XCRemoteSwiftPackageReference;
			repositoryURL = "https://github.com/nmdias/FeedKit.git";
			requirement = {
				kind = exactVersion;
				version = "10.0.0-rc.2";
			};
		};
		FF9A51122D4CED52001F1697 /* XCRemoteSwiftPackageReference "Kingfisher" */ = {
			isa = XCRemoteSwiftPackageReference;
			repositoryURL = "https://github.com/onevcat/Kingfisher.git";
			requirement = {
				kind = upToNextMajorVersion;
				minimumVersion = 8.1.4;
			};
		};
/* End XCRemoteSwiftPackageReference section */

/* Begin XCSwiftPackageProductDependency section */
		FF9A50BC2D499282001F1697 /* PersistenceManager */ = {
			isa = XCSwiftPackageProductDependency;
			productName = PersistenceManager;
		};
		FF9A50BE2D4992DC001F1697 /* PersistenceManager */ = {
			isa = XCSwiftPackageProductDependency;
			productName = PersistenceManager;
		};
		FF9A51042D4CE32A001F1697 /* FeedKit */ = {
			isa = XCSwiftPackageProductDependency;
			package = FF9A51032D4CE32A001F1697 /* XCRemoteSwiftPackageReference "FeedKit" */;
			productName = FeedKit;
		};
		FF9A51062D4CE32A001F1697 /* XMLKit */ = {
			isa = XCSwiftPackageProductDependency;
			package = FF9A51032D4CE32A001F1697 /* XCRemoteSwiftPackageReference "FeedKit" */;
			productName = XMLKit;
		};
		FF9A51132D4CED52001F1697 /* Kingfisher */ = {
			isa = XCSwiftPackageProductDependency;
			package = FF9A51122D4CED52001F1697 /* XCRemoteSwiftPackageReference "Kingfisher" */;
			productName = Kingfisher;
		};
/* End XCSwiftPackageProductDependency section */
	};
	rootObject = FF75D3422D232BD700160331 /* Project object */;
}
